PODS:
  - AsyncTask (0.1.3)
  - Gloss (1.2.4)

DEPENDENCIES:
  - AsyncTask (~> 0.1.3)
  - Gloss (~> 1.2)

SPEC CHECKSUMS:
  AsyncTask: 5d839c735310c780d5ede4783317c3e3057d8aae
  Gloss: 4e036074610fdb993abcb958ebcd7332588e2333

PODFILE CHECKSUM: 786bd887b933d8028edd0491f4aa9542f95a29e5

COCOAPODS: 1.2.1
