PODS:
  - Gloss (2.0.0)
  - MarqueeLabel/Swift (3.1.4)
  - MdsKit (1.0.7):
    - Gloss (~> 2.0.0)
  - NotificationBannerSwift (1.5.4):
    - MarqueeLabel/Swift
    - SnapKit (~> 4.0)
  - SnapKit (4.0.0)
  - Toast-Swift (3.0.1)

DEPENDENCIES:
  - Gloss (~> 2.0)
  - MdsKit
  - NotificationBannerSwift (~> 1.5.4)
  - Toast-Swift (~> 3.0.1)

SPEC CHECKSUMS:
  Gloss: b67617f327406adfd47adf20172d00680a3a31bd
  MarqueeLabel: bf768455fe88d427f71476ebb23f9092b660f40b
  MdsKit: 28c1f6e08593ba0fced81caf81c559d01109ef0a
  NotificationBannerSwift: 4f6666c8421dcf11be0812dd1093d932c15921af
  SnapKit: a42d492c16e80209130a3379f73596c3454b7694
  Toast-Swift: ba0b01b095aada709d915f9beb1d38184a2721c3

PODFILE CHECKSUM: ef20e7b5d53985ce71511ce95b76c1b6d6eaba0c

COCOAPODS: 1.3.1
