PODS:
  - AsyncTask (0.1.3)
  - Gloss (1.2.4)

DEPENDENCIES:
  - AsyncTask (~> 0.1.3)
  - Gloss (~> 1.2)

SPEC CHECKSUMS:
  AsyncTask: 5d839c735310c780d5ede4783317c3e3057d8aae
  Gloss: 4e036074610fdb993abcb958ebcd7332588e2333

PODFILE CHECKSUM: c9ef52e4a48c6f445ab35067d3b9f4cb3295af98

COCOAPODS: 1.3.1
