// !$*UTF8*$!
{
	archiveVersion = 1;
	classes = {
	};
	objectVersion = 48;
	objects = {

/* Begin PBXBuildFile section */
		1F3B3F212031C3FD0042ADCD /* CoreDomains.framework in Frameworks */ = {isa = PBXBuildFile; fileRef = 1F3B3F222031C3FD0042ADCD /* CoreDomains.framework */; };
		1F42FC822031C2DB001E0F3C /* CoreToolsServices.framework in Frameworks */ = {isa = PBXBuildFile; fileRef = 1F42FC782031C2DB001E0F3C /* CoreToolsServices.framework */; };
		1F42FC872031C2DB001E0F3C /* ToolsServicesTests.swift in Sources */ = {isa = PBXBuildFile; fileRef = 1F42FC862031C2DB001E0F3C /* ToolsServicesTests.swift */; };
		1F8105E620321EA000B197F8 /* ToolsServices.swift in Sources */ = {isa = PBXBuildFile; fileRef = 1F8105E520321EA000B197F8 /* ToolsServices.swift */; };
		76918AE9B5E2ED281CD624F9 /* Pods_CoreToolsServices.framework in Frameworks */ = {isa = PBXBuildFile; fileRef = F8C8B3CC1C6FF5124ABD81F6 /* Pods_CoreToolsServices.framework */; };
/* End PBXBuildFile section */

/* Begin PBXContainerItemProxy section */
		1F42FC832031C2DB001E0F3C /* PBXContainerItemProxy */ = {
			isa = PBXContainerItemProxy;
			containerPortal = 1F42FC6F2031C2DB001E0F3C /* Project object */;
			proxyType = 1;
			remoteGlobalIDString = 1F42FC772031C2DB001E0F3C;
			remoteInfo = ToolsServices;
		};
/* End PBXContainerItemProxy section */

/* Begin PBXFileReference section */
		1F3B3F222031C3FD0042ADCD /* CoreDomains.framework */ = {isa = PBXFileReference; explicitFileType = wrapper.framework; path = CoreDomains.framework; sourceTree = BUILT_PRODUCTS_DIR; };
		1F42FC782031C2DB001E0F3C /* CoreToolsServices.framework */ = {isa = PBXFileReference; explicitFileType = wrapper.framework; includeInIndex = 0; path = CoreToolsServices.framework; sourceTree = BUILT_PRODUCTS_DIR; };
		1F42FC7C2031C2DB001E0F3C /* Info.plist */ = {isa = PBXFileReference; lastKnownFileType = text.plist.xml; path = Info.plist; sourceTree = "<group>"; };
		1F42FC812031C2DB001E0F3C /* CoreToolsServicesTests.xctest */ = {isa = PBXFileReference; explicitFileType = wrapper.cfbundle; includeInIndex = 0; path = CoreToolsServicesTests.xctest; sourceTree = BUILT_PRODUCTS_DIR; };
		1F42FC862031C2DB001E0F3C /* ToolsServicesTests.swift */ = {isa = PBXFileReference; lastKnownFileType = sourcecode.swift; path = ToolsServicesTests.swift; sourceTree = "<group>"; };
		1F42FC882031C2DB001E0F3C /* Info.plist */ = {isa = PBXFileReference; lastKnownFileType = text.plist.xml; path = Info.plist; sourceTree = "<group>"; };
		1F8105E520321EA000B197F8 /* ToolsServices.swift */ = {isa = PBXFileReference; fileEncoding = 4; lastKnownFileType = sourcecode.swift; path = ToolsServices.swift; sourceTree = "<group>"; };
		B6230781D9794E7D69483AE0 /* Pods-CoreToolsServices.debug.xcconfig */ = {isa = PBXFileReference; includeInIndex = 1; lastKnownFileType = text.xcconfig; name = "Pods-CoreToolsServices.debug.xcconfig"; path = "../../Pods/Target Support Files/Pods-CoreToolsServices/Pods-CoreToolsServices.debug.xcconfig"; sourceTree = "<group>"; };
		F8C8B3CC1C6FF5124ABD81F6 /* Pods_CoreToolsServices.framework */ = {isa = PBXFileReference; explicitFileType = wrapper.framework; includeInIndex = 0; path = Pods_CoreToolsServices.framework; sourceTree = BUILT_PRODUCTS_DIR; };
		FB09835E6857CFE433077334 /* Pods-CoreToolsServices.release.xcconfig */ = {isa = PBXFileReference; includeInIndex = 1; lastKnownFileType = text.xcconfig; name = "Pods-CoreToolsServices.release.xcconfig"; path = "../../Pods/Target Support Files/Pods-CoreToolsServices/Pods-CoreToolsServices.release.xcconfig"; sourceTree = "<group>"; };
/* End PBXFileReference section */

/* Begin PBXFrameworksBuildPhase section */
		1F42FC742031C2DB001E0F3C /* Frameworks */ = {
			isa = PBXFrameworksBuildPhase;
			buildActionMask = 2147483647;
			files = (
				1F3B3F212031C3FD0042ADCD /* CoreDomains.framework in Frameworks */,
				76918AE9B5E2ED281CD624F9 /* Pods_CoreToolsServices.framework in Frameworks */,
			);
			runOnlyForDeploymentPostprocessing = 0;
		};
		1F42FC7E2031C2DB001E0F3C /* Frameworks */ = {
			isa = PBXFrameworksBuildPhase;
			buildActionMask = 2147483647;
			files = (
				1F42FC822031C2DB001E0F3C /* CoreToolsServices.framework in Frameworks */,
			);
			runOnlyForDeploymentPostprocessing = 0;
		};
/* End PBXFrameworksBuildPhase section */

/* Begin PBXGroup section */
		1F3B3F202031C3FD0042ADCD /* Frameworks */ = {
			isa = PBXGroup;
			children = (
				1F3B3F222031C3FD0042ADCD /* CoreDomains.framework */,
				F8C8B3CC1C6FF5124ABD81F6 /* Pods_CoreToolsServices.framework */,
			);
			name = Frameworks;
			sourceTree = "<group>";
		};
		1F42FC6E2031C2DB001E0F3C = {
			isa = PBXGroup;
			children = (
				1F42FC7A2031C2DB001E0F3C /* Sources */,
				1F42FC852031C2DB001E0F3C /* Tests */,
				1F42FC792031C2DB001E0F3C /* Products */,
				1F3B3F202031C3FD0042ADCD /* Frameworks */,
				94CFC5FE8B1CE8639668385D /* Pods */,
			);
			sourceTree = "<group>";
		};
		1F42FC792031C2DB001E0F3C /* Products */ = {
			isa = PBXGroup;
			children = (
				1F42FC782031C2DB001E0F3C /* CoreToolsServices.framework */,
				1F42FC812031C2DB001E0F3C /* CoreToolsServicesTests.xctest */,
			);
			name = Products;
			sourceTree = "<group>";
		};
		1F42FC7A2031C2DB001E0F3C /* Sources */ = {
			isa = PBXGroup;
			children = (
				1F8105E520321EA000B197F8 /* ToolsServices.swift */,
				1F42FC7C2031C2DB001E0F3C /* Info.plist */,
			);
			path = Sources;
			sourceTree = "<group>";
		};
		1F42FC852031C2DB001E0F3C /* Tests */ = {
			isa = PBXGroup;
			children = (
				1F42FC862031C2DB001E0F3C /* ToolsServicesTests.swift */,
				1F42FC882031C2DB001E0F3C /* Info.plist */,
			);
			path = Tests;
			sourceTree = "<group>";
		};
		94CFC5FE8B1CE8639668385D /* Pods */ = {
			isa = PBXGroup;
			children = (
				B6230781D9794E7D69483AE0 /* Pods-CoreToolsServices.debug.xcconfig */,
				FB09835E6857CFE433077334 /* Pods-CoreToolsServices.release.xcconfig */,
			);
			name = Pods;
			sourceTree = "<group>";
		};
/* End PBXGroup section */

/* Begin PBXHeadersBuildPhase section */
		1F42FC752031C2DB001E0F3C /* Headers */ = {
			isa = PBXHeadersBuildPhase;
			buildActionMask = 2147483647;
			files = (
			);
			runOnlyForDeploymentPostprocessing = 0;
		};
/* End PBXHeadersBuildPhase section */

/* Begin PBXNativeTarget section */
		1F42FC772031C2DB001E0F3C /* CoreToolsServices */ = {
			isa = PBXNativeTarget;
			buildConfigurationList = 1F42FC8C2031C2DB001E0F3C /* Build configuration list for PBXNativeTarget "CoreToolsServices" */;
			buildPhases = (
				D9770E7B345614CAF618E5B7 /* [CP] Check Pods Manifest.lock */,
				1F42FC732031C2DB001E0F3C /* Sources */,
				1F42FC742031C2DB001E0F3C /* Frameworks */,
				1F42FC752031C2DB001E0F3C /* Headers */,
				1F42FC762031C2DB001E0F3C /* Resources */,
				D70BD9B5793BB8A7582769C6 /* [CP] Copy Pods Resources */,
			);
			buildRules = (
			);
			dependencies = (
			);
			name = CoreToolsServices;
			productName = ToolsServices;
			productReference = 1F42FC782031C2DB001E0F3C /* CoreToolsServices.framework */;
			productType = "com.apple.product-type.framework";
		};
		1F42FC802031C2DB001E0F3C /* CoreToolsServicesTests */ = {
			isa = PBXNativeTarget;
			buildConfigurationList = 1F42FC8F2031C2DB001E0F3C /* Build configuration list for PBXNativeTarget "CoreToolsServicesTests" */;
			buildPhases = (
				1F42FC7D2031C2DB001E0F3C /* Sources */,
				1F42FC7E2031C2DB001E0F3C /* Frameworks */,
				1F42FC7F2031C2DB001E0F3C /* Resources */,
			);
			buildRules = (
			);
			dependencies = (
				1F42FC842031C2DB001E0F3C /* PBXTargetDependency */,
			);
			name = CoreToolsServicesTests;
			productName = ToolsServicesTests;
			productReference = 1F42FC812031C2DB001E0F3C /* CoreToolsServicesTests.xctest */;
			productType = "com.apple.product-type.bundle.unit-test";
		};
/* End PBXNativeTarget section */

/* Begin PBXProject section */
		1F42FC6F2031C2DB001E0F3C /* Project object */ = {
			isa = PBXProject;
			attributes = {
				LastSwiftUpdateCheck = 0910;
				LastUpgradeCheck = 0910;
				ORGANIZATIONNAME = "Medved-Studio";
				TargetAttributes = {
					1F42FC772031C2DB001E0F3C = {
						CreatedOnToolsVersion = 9.1;
						LastSwiftMigration = 0910;
						ProvisioningStyle = Automatic;
					};
					1F42FC802031C2DB001E0F3C = {
						CreatedOnToolsVersion = 9.1;
						ProvisioningStyle = Automatic;
					};
				};
			};
			buildConfigurationList = 1F42FC722031C2DB001E0F3C /* Build configuration list for PBXProject "ToolsServices" */;
			compatibilityVersion = "Xcode 8.0";
			developmentRegion = en;
			hasScannedForEncodings = 0;
			knownRegions = (
				en,
			);
			mainGroup = 1F42FC6E2031C2DB001E0F3C;
			productRefGroup = 1F42FC792031C2DB001E0F3C /* Products */;
			projectDirPath = "";
			projectRoot = "";
			targets = (
				1F42FC772031C2DB001E0F3C /* CoreToolsServices */,
				1F42FC802031C2DB001E0F3C /* CoreToolsServicesTests */,
			);
		};
/* End PBXProject section */

/* Begin PBXResourcesBuildPhase section */
		1F42FC762031C2DB001E0F3C /* Resources */ = {
			isa = PBXResourcesBuildPhase;
			buildActionMask = 2147483647;
			files = (
			);
			runOnlyForDeploymentPostprocessing = 0;
		};
		1F42FC7F2031C2DB001E0F3C /* Resources */ = {
			isa = PBXResourcesBuildPhase;
			buildActionMask = 2147483647;
			files = (
			);
			runOnlyForDeploymentPostprocessing = 0;
		};
/* End PBXResourcesBuildPhase section */

/* Begin PBXShellScriptBuildPhase section */
		D70BD9B5793BB8A7582769C6 /* [CP] Copy Pods Resources */ = {
			isa = PBXShellScriptBuildPhase;
			buildActionMask = 2147483647;
			files = (
			);
			inputPaths = (
			);
			name = "[CP] Copy Pods Resources";
			outputPaths = (
			);
			runOnlyForDeploymentPostprocessing = 0;
			shellPath = /bin/sh;
			shellScript = "\"${SRCROOT}/../../Pods/Target Support Files/Pods-CoreToolsServices/Pods-CoreToolsServices-resources.sh\"\n";
			showEnvVarsInLog = 0;
		};
		D9770E7B345614CAF618E5B7 /* [CP] Check Pods Manifest.lock */ = {
			isa = PBXShellScriptBuildPhase;
			buildActionMask = 2147483647;
			files = (
			);
			inputPaths = (
				"${PODS_PODFILE_DIR_PATH}/Podfile.lock",
				"${PODS_ROOT}/Manifest.lock",
			);
			name = "[CP] Check Pods Manifest.lock";
			outputPaths = (
				"$(DERIVED_FILE_DIR)/Pods-CoreToolsServices-checkManifestLockResult.txt",
			);
			runOnlyForDeploymentPostprocessing = 0;
			shellPath = /bin/sh;
			shellScript = "diff \"${PODS_PODFILE_DIR_PATH}/Podfile.lock\" \"${PODS_ROOT}/Manifest.lock\" > /dev/null\nif [ $? != 0 ] ; then\n    # print error to STDERR\n    echo \"error: The sandbox is not in sync with the Podfile.lock. Run 'pod install' or update your CocoaPods installation.\" >&2\n    exit 1\nfi\n# This output is used by Xcode 'outputs' to avoid re-running this script phase.\necho \"SUCCESS\" > \"${SCRIPT_OUTPUT_FILE_0}\"\n";
			showEnvVarsInLog = 0;
		};
/* End PBXShellScriptBuildPhase section */

/* Begin PBXSourcesBuildPhase section */
		1F42FC732031C2DB001E0F3C /* Sources */ = {
			isa = PBXSourcesBuildPhase;
			buildActionMask = 2147483647;
			files = (
				1F8105E620321EA000B197F8 /* ToolsServices.swift in Sources */,
			);
			runOnlyForDeploymentPostprocessing = 0;
		};
		1F42FC7D2031C2DB001E0F3C /* Sources */ = {
			isa = PBXSourcesBuildPhase;
			buildActionMask = 2147483647;
			files = (
				1F42FC872031C2DB001E0F3C /* ToolsServicesTests.swift in Sources */,
			);
			runOnlyForDeploymentPostprocessing = 0;
		};
/* End PBXSourcesBuildPhase section */

/* Begin PBXTargetDependency section */
		1F42FC842031C2DB001E0F3C /* PBXTargetDependency */ = {
			isa = PBXTargetDependency;
			target = 1F42FC772031C2DB001E0F3C /* CoreToolsServices */;
			targetProxy = 1F42FC832031C2DB001E0F3C /* PBXContainerItemProxy */;
		};
/* End PBXTargetDependency section */

/* Begin XCBuildConfiguration section */
		1F42FC8A2031C2DB001E0F3C /* Debug */ = {
			isa = XCBuildConfiguration;
			buildSettings = {
				ALWAYS_SEARCH_USER_PATHS = NO;
				CLANG_ANALYZER_NONNULL = YES;
				CLANG_ANALYZER_NUMBER_OBJECT_CONVERSION = YES_AGGRESSIVE;
				CLANG_CXX_LANGUAGE_STANDARD = "gnu++14";
				CLANG_CXX_LIBRARY = "libc++";
				CLANG_ENABLE_MODULES = YES;
				CLANG_ENABLE_OBJC_ARC = YES;
				CLANG_WARN_BLOCK_CAPTURE_AUTORELEASING = YES;
				CLANG_WARN_BOOL_CONVERSION = YES;
				CLANG_WARN_COMMA = YES;
				CLANG_WARN_CONSTANT_CONVERSION = YES;
				CLANG_WARN_DIRECT_OBJC_ISA_USAGE = YES_ERROR;
				CLANG_WARN_DOCUMENTATION_COMMENTS = YES;
				CLANG_WARN_EMPTY_BODY = YES;
				CLANG_WARN_ENUM_CONVERSION = YES;
				CLANG_WARN_INFINITE_RECURSION = YES;
				CLANG_WARN_INT_CONVERSION = YES;
				CLANG_WARN_NON_LITERAL_NULL_CONVERSION = YES;
				CLANG_WARN_OBJC_LITERAL_CONVERSION = YES;
				CLANG_WARN_OBJC_ROOT_CLASS = YES_ERROR;
				CLANG_WARN_RANGE_LOOP_ANALYSIS = YES;
				CLANG_WARN_STRICT_PROTOTYPES = YES;
				CLANG_WARN_SUSPICIOUS_MOVE = YES;
				CLANG_WARN_UNGUARDED_AVAILABILITY = YES_AGGRESSIVE;
				CLANG_WARN_UNREACHABLE_CODE = YES;
				CLANG_WARN__DUPLICATE_METHOD_MATCH = YES;
				CODE_SIGN_IDENTITY = "iPhone Developer";
				COPY_PHASE_STRIP = NO;
				CURRENT_PROJECT_VERSION = 1;
				DEBUG_INFORMATION_FORMAT = dwarf;
				ENABLE_STRICT_OBJC_MSGSEND = YES;
				ENABLE_TESTABILITY = YES;
				GCC_C_LANGUAGE_STANDARD = gnu11;
				GCC_DYNAMIC_NO_PIC = NO;
				GCC_NO_COMMON_BLOCKS = YES;
				GCC_OPTIMIZATION_LEVEL = 0;
				GCC_PREPROCESSOR_DEFINITIONS = (
					"DEBUG=1",
					"$(inherited)",
				);
				GCC_WARN_64_TO_32_BIT_CONVERSION = YES;
				GCC_WARN_ABOUT_RETURN_TYPE = YES_ERROR;
				GCC_WARN_UNDECLARED_SELECTOR = YES;
				GCC_WARN_UNINITIALIZED_AUTOS = YES_AGGRESSIVE;
				GCC_WARN_UNUSED_FUNCTION = YES;
				GCC_WARN_UNUSED_VARIABLE = YES;
				IPHONEOS_DEPLOYMENT_TARGET = 9.1;
				MTL_ENABLE_DEBUG_INFO = YES;
				ONLY_ACTIVE_ARCH = YES;
				SDKROOT = iphoneos;
				SWIFT_ACTIVE_COMPILATION_CONDITIONS = DEBUG;
				SWIFT_OPTIMIZATION_LEVEL = "-Onone";
				VERSIONING_SYSTEM = "apple-generic";
				VERSION_INFO_PREFIX = "";
			};
			name = Debug;
		};
		1F42FC8B2031C2DB001E0F3C /* Release */ = {
			isa = XCBuildConfiguration;
			buildSettings = {
				ALWAYS_SEARCH_USER_PATHS = NO;
				CLANG_ANALYZER_NONNULL = YES;
				CLANG_ANALYZER_NUMBER_OBJECT_CONVERSION = YES_AGGRESSIVE;
				CLANG_CXX_LANGUAGE_STANDARD = "gnu++14";
				CLANG_CXX_LIBRARY = "libc++";
				CLANG_ENABLE_MODULES = YES;
				CLANG_ENABLE_OBJC_ARC = YES;
				CLANG_WARN_BLOCK_CAPTURE_AUTORELEASING = YES;
				CLANG_WARN_BOOL_CONVERSION = YES;
				CLANG_WARN_COMMA = YES;
				CLANG_WARN_CONSTANT_CONVERSION = YES;
				CLANG_WARN_DIRECT_OBJC_ISA_USAGE = YES_ERROR;
				CLANG_WARN_DOCUMENTATION_COMMENTS = YES;
				CLANG_WARN_EMPTY_BODY = YES;
				CLANG_WARN_ENUM_CONVERSION = YES;
				CLANG_WARN_INFINITE_RECURSION = YES;
				CLANG_WARN_INT_CONVERSION = YES;
				CLANG_WARN_NON_LITERAL_NULL_CONVERSION = YES;
				CLANG_WARN_OBJC_LITERAL_CONVERSION = YES;
				CLANG_WARN_OBJC_ROOT_CLASS = YES_ERROR;
				CLANG_WARN_RANGE_LOOP_ANALYSIS = YES;
				CLANG_WARN_STRICT_PROTOTYPES = YES;
				CLANG_WARN_SUSPICIOUS_MOVE = YES;
				CLANG_WARN_UNGUARDED_AVAILABILITY = YES_AGGRESSIVE;
				CLANG_WARN_UNREACHABLE_CODE = YES;
				CLANG_WARN__DUPLICATE_METHOD_MATCH = YES;
				CODE_SIGN_IDENTITY = "iPhone Developer";
				COPY_PHASE_STRIP = NO;
				CURRENT_PROJECT_VERSION = 1;
				DEBUG_INFORMATION_FORMAT = "dwarf-with-dsym";
				ENABLE_NS_ASSERTIONS = NO;
				ENABLE_STRICT_OBJC_MSGSEND = YES;
				GCC_C_LANGUAGE_STANDARD = gnu11;
				GCC_NO_COMMON_BLOCKS = YES;
				GCC_WARN_64_TO_32_BIT_CONVERSION = YES;
				GCC_WARN_ABOUT_RETURN_TYPE = YES_ERROR;
				GCC_WARN_UNDECLARED_SELECTOR = YES;
				GCC_WARN_UNINITIALIZED_AUTOS = YES_AGGRESSIVE;
				GCC_WARN_UNUSED_FUNCTION = YES;
				GCC_WARN_UNUSED_VARIABLE = YES;
				IPHONEOS_DEPLOYMENT_TARGET = 9.1;
				MTL_ENABLE_DEBUG_INFO = NO;
				SDKROOT = iphoneos;
				SWIFT_OPTIMIZATION_LEVEL = "-Owholemodule";
				VALIDATE_PRODUCT = YES;
				VERSIONING_SYSTEM = "apple-generic";
				VERSION_INFO_PREFIX = "";
			};
			name = Release;
		};
		1F42FC8D2031C2DB001E0F3C /* Debug */ = {
			isa = XCBuildConfiguration;
			baseConfigurationReference = B6230781D9794E7D69483AE0 /* Pods-CoreToolsServices.debug.xcconfig */;
			buildSettings = {
				CLANG_ENABLE_MODULES = YES;
				CODE_SIGN_IDENTITY = "";
				"CODE_SIGN_IDENTITY[sdk=iphoneos*]" = "iPhone Developer";
				CODE_SIGN_STYLE = Automatic;
				DEFINES_MODULE = YES;
				DEVELOPMENT_TEAM = 686FXGC24W;
				DYLIB_COMPATIBILITY_VERSION = 1;
				DYLIB_CURRENT_VERSION = 1;
				DYLIB_INSTALL_NAME_BASE = "@rpath";
				INFOPLIST_FILE = Sources/Info.plist;
				INSTALL_PATH = "$(LOCAL_LIBRARY_DIR)/Frameworks";
				IPHONEOS_DEPLOYMENT_TARGET = 9.1;
				LD_RUNPATH_SEARCH_PATHS = "$(inherited) @executable_path/Frameworks @loader_path/Frameworks";
				PRODUCT_BUNDLE_IDENTIFIER = mds.mobile.restomania.core.services.tools;
				PRODUCT_NAME = "$(TARGET_NAME:c99extidentifier)";
				PROVISIONING_PROFILE_SPECIFIER = "";
				SKIP_INSTALL = YES;
				SWIFT_OPTIMIZATION_LEVEL = "-Onone";
				SWIFT_VERSION = 4.0;
				TARGETED_DEVICE_FAMILY = "1,2";
			};
			name = Debug;
		};
		1F42FC8E2031C2DB001E0F3C /* Release */ = {
			isa = XCBuildConfiguration;
			baseConfigurationReference = FB09835E6857CFE433077334 /* Pods-CoreToolsServices.release.xcconfig */;
			buildSettings = {
				CLANG_ENABLE_MODULES = YES;
				CODE_SIGN_IDENTITY = "";
				"CODE_SIGN_IDENTITY[sdk=iphoneos*]" = "iPhone Developer";
				CODE_SIGN_STYLE = Automatic;
				DEFINES_MODULE = YES;
				DEVELOPMENT_TEAM = 686FXGC24W;
				DYLIB_COMPATIBILITY_VERSION = 1;
				DYLIB_CURRENT_VERSION = 1;
				DYLIB_INSTALL_NAME_BASE = "@rpath";
				INFOPLIST_FILE = Sources/Info.plist;
				INSTALL_PATH = "$(LOCAL_LIBRARY_DIR)/Frameworks";
				IPHONEOS_DEPLOYMENT_TARGET = 9.1;
				LD_RUNPATH_SEARCH_PATHS = "$(inherited) @executable_path/Frameworks @loader_path/Frameworks";
				PRODUCT_BUNDLE_IDENTIFIER = mds.mobile.restomania.core.services.tools;
				PRODUCT_NAME = "$(TARGET_NAME:c99extidentifier)";
				PROVISIONING_PROFILE_SPECIFIER = "";
				SKIP_INSTALL = YES;
				SWIFT_VERSION = 4.0;
				TARGETED_DEVICE_FAMILY = "1,2";
			};
			name = Release;
		};
		1F42FC902031C2DB001E0F3C /* Debug */ = {
			isa = XCBuildConfiguration;
			buildSettings = {
				ALWAYS_EMBED_SWIFT_STANDARD_LIBRARIES = YES;
				CODE_SIGN_STYLE = Automatic;
				DEVELOPMENT_TEAM = 686FXGC24W;
				INFOPLIST_FILE = ToolsServicesTests/Info.plist;
				LD_RUNPATH_SEARCH_PATHS = "$(inherited) @executable_path/Frameworks @loader_path/Frameworks";
				PRODUCT_BUNDLE_IDENTIFIER = mds.mobile.restomania.core.ToolsServicesTests;
				PRODUCT_NAME = "$(TARGET_NAME)";
				SWIFT_VERSION = 4.0;
				TARGETED_DEVICE_FAMILY = "1,2";
			};
			name = Debug;
		};
		1F42FC912031C2DB001E0F3C /* Release */ = {
			isa = XCBuildConfiguration;
			buildSettings = {
				ALWAYS_EMBED_SWIFT_STANDARD_LIBRARIES = YES;
				CODE_SIGN_STYLE = Automatic;
				DEVELOPMENT_TEAM = 686FXGC24W;
				INFOPLIST_FILE = ToolsServicesTests/Info.plist;
				LD_RUNPATH_SEARCH_PATHS = "$(inherited) @executable_path/Frameworks @loader_path/Frameworks";
				PRODUCT_BUNDLE_IDENTIFIER = mds.mobile.restomania.core.ToolsServicesTests;
				PRODUCT_NAME = "$(TARGET_NAME)";
				SWIFT_VERSION = 4.0;
				TARGETED_DEVICE_FAMILY = "1,2";
			};
			name = Release;
		};
/* End XCBuildConfiguration section */

/* Begin XCConfigurationList section */
		1F42FC722031C2DB001E0F3C /* Build configuration list for PBXProject "ToolsServices" */ = {
			isa = XCConfigurationList;
			buildConfigurations = (
				1F42FC8A2031C2DB001E0F3C /* Debug */,
				1F42FC8B2031C2DB001E0F3C /* Release */,
			);
			defaultConfigurationIsVisible = 0;
			defaultConfigurationName = Release;
		};
		1F42FC8C2031C2DB001E0F3C /* Build configuration list for PBXNativeTarget "CoreToolsServices" */ = {
			isa = XCConfigurationList;
			buildConfigurations = (
				1F42FC8D2031C2DB001E0F3C /* Debug */,
				1F42FC8E2031C2DB001E0F3C /* Release */,
			);
			defaultConfigurationIsVisible = 0;
			defaultConfigurationName = Release;
		};
		1F42FC8F2031C2DB001E0F3C /* Build configuration list for PBXNativeTarget "CoreToolsServicesTests" */ = {
			isa = XCConfigurationList;
			buildConfigurations = (
				1F42FC902031C2DB001E0F3C /* Debug */,
				1F42FC912031C2DB001E0F3C /* Release */,
			);
			defaultConfigurationIsVisible = 0;
			defaultConfigurationName = Release;
		};
/* End XCConfigurationList section */
	};
	rootObject = 1F42FC6F2031C2DB001E0F3C /* Project object */;
}
