// !$*UTF8*$!
{
	archiveVersion = 1;
	classes = {
	};
	objectVersion = 46;
	objects = {

/* Begin PBXBuildFile section */
		1896B820A0145335649534AC /* Pods_RestomaniaAppKuzina.framework in Frameworks */ = {isa = PBXBuildFile; fileRef = 569A246FD5FA8E45CFBE0778 /* Pods_RestomaniaAppKuzina.framework */; };
		1F41CE671F13BF22000B92E1 /* IOS Library.framework in Frameworks */ = {isa = PBXBuildFile; fileRef = 1F41CE661F13BF22000B92E1 /* IOS Library.framework */; };
		1F41CE6B1F13BF4B000B92E1 /* IOS Library.framework in Frameworks */ = {isa = PBXBuildFile; fileRef = 1F41CE6A1F13BF4B000B92E1 /* IOS Library.framework */; };
		1FB8EFC51F1D3C300090045E /* UserNotificationPreference.swift in Sources */ = {isa = PBXBuildFile; fileRef = 1FB8EFC41F1D3C300090045E /* UserNotificationPreference.swift */; };
		1FB8EFCB1F1D41050090045E /* UserParts.swift in Sources */ = {isa = PBXBuildFile; fileRef = 1FB8EFCA1F1D41050090045E /* UserParts.swift */; };
		1FB8EFCD1F1D41420090045E /* User.swift in Sources */ = {isa = PBXBuildFile; fileRef = 1FB8EFCC1F1D41420090045E /* User.swift */; };
		1FB8EFCF1F1D41590090045E /* UserSex.swift in Sources */ = {isa = PBXBuildFile; fileRef = 1FB8EFCE1F1D41590090045E /* UserSex.swift */; };
		1FB8EFD11F1D429D0090045E /* Rate.swift in Sources */ = {isa = PBXBuildFile; fileRef = 1FB8EFD01F1D429D0090045E /* Rate.swift */; };
		1FB8EFD31F1D42DF0090045E /* ReviewStatus.swift in Sources */ = {isa = PBXBuildFile; fileRef = 1FB8EFD21F1D42DF0090045E /* ReviewStatus.swift */; };
		1FB8EFD51F1D430D0090045E /* Review.swift in Sources */ = {isa = PBXBuildFile; fileRef = 1FB8EFD41F1D430D0090045E /* Review.swift */; };
		1FB8EFDA1F1D47F80090045E /* DayOfWeek.swift in Sources */ = {isa = PBXBuildFile; fileRef = 1FB8EFD91F1D47F80090045E /* DayOfWeek.swift */; };
		1FB8EFDC1F1D48290090045E /* Day.swift in Sources */ = {isa = PBXBuildFile; fileRef = 1FB8EFDB1F1D48290090045E /* Day.swift */; };
		1FB8EFDE1F1D48CD0090045E /* Schedule.swift in Sources */ = {isa = PBXBuildFile; fileRef = 1FB8EFDD1F1D48CD0090045E /* Schedule.swift */; };
		1FB8EFE01F1D49AF0090045E /* LinkType.swift in Sources */ = {isa = PBXBuildFile; fileRef = 1FB8EFDF1F1D49AF0090045E /* LinkType.swift */; };
		1FB8EFE21F1D49E20090045E /* Link.swift in Sources */ = {isa = PBXBuildFile; fileRef = 1FB8EFE11F1D49E20090045E /* Link.swift */; };
		1FB8EFE41F1D4A970090045E /* Contacts.swift in Sources */ = {isa = PBXBuildFile; fileRef = 1FB8EFE31F1D4A970090045E /* Contacts.swift */; };
		1FB8EFE61F1D4BDF0090045E /* Dish.swift in Sources */ = {isa = PBXBuildFile; fileRef = 1FB8EFE51F1D4BDF0090045E /* Dish.swift */; };
		1FB8EFE81F1D4BF90090045E /* DishCategory.swift in Sources */ = {isa = PBXBuildFile; fileRef = 1FB8EFE71F1D4BF90090045E /* DishCategory.swift */; };
		1FB8EFEA1F1D4C0C0090045E /* Menu.swift in Sources */ = {isa = PBXBuildFile; fileRef = 1FB8EFE91F1D4C0C0090045E /* Menu.swift */; };
		1FB8EFEC1F1D4EEC0090045E /* KitchenType.swift in Sources */ = {isa = PBXBuildFile; fileRef = 1FB8EFEB1F1D4EEC0090045E /* KitchenType.swift */; };
		1FB8EFEE1F1D4F480090045E /* RegistrationStatus.swift in Sources */ = {isa = PBXBuildFile; fileRef = 1FB8EFED1F1D4F480090045E /* RegistrationStatus.swift */; };
		1FB8EFF01F1D4F7C0090045E /* PlaceType.swift in Sources */ = {isa = PBXBuildFile; fileRef = 1FB8EFEF1F1D4F7C0090045E /* PlaceType.swift */; };
		1FB8EFF21F1D4FC20090045E /* Properties.swift in Sources */ = {isa = PBXBuildFile; fileRef = 1FB8EFF11F1D4FC20090045E /* Properties.swift */; };
		1FB8EFF41F1D50960090045E /* Location.swift in Sources */ = {isa = PBXBuildFile; fileRef = 1FB8EFF31F1D50960090045E /* Location.swift */; };
		1FB8EFF61F1D516F0090045E /* Place.swift in Sources */ = {isa = PBXBuildFile; fileRef = 1FB8EFF51F1D516F0090045E /* Place.swift */; };
		1FB8EFF91F1DE8F10090045E /* LoyaltyType.swift in Sources */ = {isa = PBXBuildFile; fileRef = 1FB8EFF81F1DE8F10090045E /* LoyaltyType.swift */; };
		1FB8EFFB1F1DE9330090045E /* BaseLoyaltySystem.swift in Sources */ = {isa = PBXBuildFile; fileRef = 1FB8EFFA1F1DE9330090045E /* BaseLoyaltySystem.swift */; };
		1FB8F0001F1DF2930090045E /* LoyaltyAccount.swift in Sources */ = {isa = PBXBuildFile; fileRef = 1FB8EFFF1F1DF2930090045E /* LoyaltyAccount.swift */; };
		1FB8F0021F1DF3BC0090045E /* CountedLoyaltySystem.swift in Sources */ = {isa = PBXBuildFile; fileRef = 1FB8F0011F1DF3BC0090045E /* CountedLoyaltySystem.swift */; };
		1FB8F0041F1DF47B0090045E /* CountedLoyaltyDiscounts.swift in Sources */ = {isa = PBXBuildFile; fileRef = 1FB8F0031F1DF47B0090045E /* CountedLoyaltyDiscounts.swift */; };
		1FB8F0061F1DF64E0090045E /* Bonuses.swift in Sources */ = {isa = PBXBuildFile; fileRef = 1FB8F0051F1DF64E0090045E /* Bonuses.swift */; };
		1FB8F0081F1DF68E0090045E /* Step.swift in Sources */ = {isa = PBXBuildFile; fileRef = 1FB8F0071F1DF68E0090045E /* Step.swift */; };
		1FB8F00A1F1DF7090090045E /* FixedDiscount.swift in Sources */ = {isa = PBXBuildFile; fileRef = 1FB8F0091F1DF7090090045E /* FixedDiscount.swift */; };
		1FB8F00C1F1DF7500090045E /* RegularCustomerDiscount.swift in Sources */ = {isa = PBXBuildFile; fileRef = 1FB8F00B1F1DF7500090045E /* RegularCustomerDiscount.swift */; };
		1FB8F00E1F1DFABF0090045E /* Loyalty.swift in Sources */ = {isa = PBXBuildFile; fileRef = 1FB8F00D1F1DFABF0090045E /* Loyalty.swift */; };
		1FB8F0101F1E03470090045E /* OpenAccountsApiService.swift in Sources */ = {isa = PBXBuildFile; fileRef = 1FB8F00F1F1E03470090045E /* OpenAccountsApiService.swift */; };
		1FB8F0121F1E0B520090045E /* OpenPlacesApiService.swift in Sources */ = {isa = PBXBuildFile; fileRef = 1FB8F0111F1E0B520090045E /* OpenPlacesApiService.swift */; };
		1FB8F0141F1E12AE0090045E /* OpenReviewsApiService.swift in Sources */ = {isa = PBXBuildFile; fileRef = 1FB8F0131F1E12AE0090045E /* OpenReviewsApiService.swift */; };
		1FB8F0171F1E14B30090045E /* GetArgs.swift in Sources */ = {isa = PBXBuildFile; fileRef = 1FB8F0161F1E14B30090045E /* GetArgs.swift */; };
		1FB8F01B1F1E190F0090045E /* IKeysStorage.swift in Sources */ = {isa = PBXBuildFile; fileRef = 1FB8F01A1F1E190F0090045E /* IKeysStorage.swift */; };
		1FB8F01D1F1E31C40090045E /* BaseAuthApiService.swift in Sources */ = {isa = PBXBuildFile; fileRef = 1FB8F01C1F1E31C40090045E /* BaseAuthApiService.swift */; };
		1FB8F0241F1E5C2D0090045E /* NotificationPlatformType.swift in Sources */ = {isa = PBXBuildFile; fileRef = 1FB8F0231F1E5C2D0090045E /* NotificationPlatformType.swift */; };
		1FB8F0261F1E5C5E0090045E /* Device.swift in Sources */ = {isa = PBXBuildFile; fileRef = 1FB8F0251F1E5C5E0090045E /* Device.swift */; };
		1FB8F0281F1E5D510090045E /* OpenDevicesApiService.swift in Sources */ = {isa = PBXBuildFile; fileRef = 1FB8F0271F1E5D510090045E /* OpenDevicesApiService.swift */; };
		1FB8F02C1F1E610B0090045E /* AddingCard.swift in Sources */ = {isa = PBXBuildFile; fileRef = 1FB8F02B1F1E610B0090045E /* AddingCard.swift */; };
		1FB8F0311F1E61E70090045E /* TransactionType.swift in Sources */ = {isa = PBXBuildFile; fileRef = 1FB8F0301F1E61E70090045E /* TransactionType.swift */; };
		1FB8F0331F1E621D0090045E /* TransactionStatus.swift in Sources */ = {isa = PBXBuildFile; fileRef = 1FB8F0321F1E621D0090045E /* TransactionStatus.swift */; };
		1FB8F0351F1E628F0090045E /* TransactionSummary.swift in Sources */ = {isa = PBXBuildFile; fileRef = 1FB8F0341F1E628F0090045E /* TransactionSummary.swift */; };
		1FB8F03C1F1EADB90090045E /* PaymentCard.swift in Sources */ = {isa = PBXBuildFile; fileRef = 1FB8F03B1F1EADB90090045E /* PaymentCard.swift */; };
		1FB8F03F1F1EADFB0090045E /* PaymentCardStatus.swift in Sources */ = {isa = PBXBuildFile; fileRef = 1FB8F03D1F1EADFB0090045E /* PaymentCardStatus.swift */; };
		1FB8F0401F1EADFB0090045E /* PaymentCardType.swift in Sources */ = {isa = PBXBuildFile; fileRef = 1FB8F03E1F1EADFB0090045E /* PaymentCardType.swift */; };
		1FB8F04C1F1EC28C0090045E /* UserAccountApiService.swift in Sources */ = {isa = PBXBuildFile; fileRef = 1FB8F0461F1EC28C0090045E /* UserAccountApiService.swift */; };
		1FB8F04D1F1EC28C0090045E /* UserCardsApiService.swift in Sources */ = {isa = PBXBuildFile; fileRef = 1FB8F0471F1EC28C0090045E /* UserCardsApiService.swift */; };
		1FB8F04E1F1EC28C0090045E /* UserLoyaltyApiService.swift in Sources */ = {isa = PBXBuildFile; fileRef = 1FB8F0481F1EC28C0090045E /* UserLoyaltyApiService.swift */; };
		1FB8F04F1F1EC28C0090045E /* UserReviewsApiService.swift in Sources */ = {isa = PBXBuildFile; fileRef = 1FB8F0491F1EC28C0090045E /* UserReviewsApiService.swift */; };
		1FB8F0501F1EC28C0090045E /* UserUpdateAccountApiService.swift in Sources */ = {isa = PBXBuildFile; fileRef = 1FB8F04A1F1EC28C0090045E /* UserUpdateAccountApiService.swift */; };
		1FB8F0511F1EC28C0090045E /* UserUpdateNotificationsApiService.swift in Sources */ = {isa = PBXBuildFile; fileRef = 1FB8F04B1F1EC28C0090045E /* UserUpdateNotificationsApiService.swift */; };
		1FB8F0531F1EC45D0090045E /* UserOrdersApiService.swift in Sources */ = {isa = PBXBuildFile; fileRef = 1FB8F0521F1EC45D0090045E /* UserOrdersApiService.swift */; };
		1FB8F0551F1EC5200090045E /* UserBookingsApiService.swift in Sources */ = {isa = PBXBuildFile; fileRef = 1FB8F0541F1EC5200090045E /* UserBookingsApiService.swift */; };
		1FB8F05A1F1EC5C90090045E /* OrderSummary.swift in Sources */ = {isa = PBXBuildFile; fileRef = 1FB8F0591F1EC5C90090045E /* OrderSummary.swift */; };
		1FB8F05C1F1ECBFD0090045E /* BaseOrder.swift in Sources */ = {isa = PBXBuildFile; fileRef = 1FB8F05B1F1ECBFD0090045E /* BaseOrder.swift */; };
		1FB8F05E1F1ECD020090045E /* Booking.swift in Sources */ = {isa = PBXBuildFile; fileRef = 1FB8F05D1F1ECD020090045E /* Booking.swift */; };
		1FB8F0601F1ECD140090045E /* BookingStatus.swift in Sources */ = {isa = PBXBuildFile; fileRef = 1FB8F05F1F1ECD140090045E /* BookingStatus.swift */; };
		1FB8F0621F1ECE5F0090045E /* DishOrderStatus.swift in Sources */ = {isa = PBXBuildFile; fileRef = 1FB8F0611F1ECE5F0090045E /* DishOrderStatus.swift */; };
		1FB8F0641F1ECE990090045E /* DishOrderType.swift in Sources */ = {isa = PBXBuildFile; fileRef = 1FB8F0631F1ECE990090045E /* DishOrderType.swift */; };
		1FB8F0661F1ECEC00090045E /* OrderedDish.swift in Sources */ = {isa = PBXBuildFile; fileRef = 1FB8F0651F1ECEC00090045E /* OrderedDish.swift */; };
		1FB8F06A1F1ECF980090045E /* DishOrder.swift in Sources */ = {isa = PBXBuildFile; fileRef = 1FB8F0691F1ECF980090045E /* DishOrder.swift */; };
		1FB8F06C1F1EDCDB0090045E /* AddingOrder.swift in Sources */ = {isa = PBXBuildFile; fileRef = 1FB8F06B1F1EDCDB0090045E /* AddingOrder.swift */; };
		1FB8F06E1F1EE04D0090045E /* AddingBooking.swift in Sources */ = {isa = PBXBuildFile; fileRef = 1FB8F06D1F1EE04D0090045E /* AddingBooking.swift */; };
		1FC5A6A01F138A8600ABE1A6 /* AppDelegate.swift in Sources */ = {isa = PBXBuildFile; fileRef = 1FC5A69F1F138A8600ABE1A6 /* AppDelegate.swift */; };
		1FC5A6A21F138A8600ABE1A6 /* ViewController.swift in Sources */ = {isa = PBXBuildFile; fileRef = 1FC5A6A11F138A8600ABE1A6 /* ViewController.swift */; };
		1FC5A6A51F138A8600ABE1A6 /* Main.storyboard in Resources */ = {isa = PBXBuildFile; fileRef = 1FC5A6A31F138A8600ABE1A6 /* Main.storyboard */; };
		1FC5A6A71F138A8600ABE1A6 /* Assets.xcassets in Resources */ = {isa = PBXBuildFile; fileRef = 1FC5A6A61F138A8600ABE1A6 /* Assets.xcassets */; };
		1FC5A6AA1F138A8600ABE1A6 /* LaunchScreen.storyboard in Resources */ = {isa = PBXBuildFile; fileRef = 1FC5A6A81F138A8600ABE1A6 /* LaunchScreen.storyboard */; };
		1FC5A6B51F138A8600ABE1A6 /* Restomania_App_KuzinaTests.swift in Sources */ = {isa = PBXBuildFile; fileRef = 1FC5A6B41F138A8600ABE1A6 /* Restomania_App_KuzinaTests.swift */; };
		1FC5A6C01F138A8600ABE1A6 /* Restomania_App_KuzinaUITests.swift in Sources */ = {isa = PBXBuildFile; fileRef = 1FC5A6BF1F138A8600ABE1A6 /* Restomania_App_KuzinaUITests.swift */; };
		1FD7E6971F1D0E140023C033 /* BaseApiService.swift in Sources */ = {isa = PBXBuildFile; fileRef = 1FD7E6951F1D0D5C0023C033 /* BaseApiService.swift */; };
		1FD7E6981F1D0E140023C033 /* SystemStatusApiService.swift in Sources */ = {isa = PBXBuildFile; fileRef = 1FF4FE5D1F1BE74C00CC78B3 /* SystemStatusApiService.swift */; };
		1FD7E6991F1D0E140023C033 /* SystemVersionsApiService.swift in Sources */ = {isa = PBXBuildFile; fileRef = 1FF4FE6C1F1BF9E900CC78B3 /* SystemVersionsApiService.swift */; };
		1FD7E69A1F1D0E140023C033 /* SystemSettingsApiService.swift in Sources */ = {isa = PBXBuildFile; fileRef = 1FF4FE6E1F1BFB5A00CC78B3 /* SystemSettingsApiService.swift */; };
		1FD7E69B1F1D0E140023C033 /* SystemReportsApiService.swift in Sources */ = {isa = PBXBuildFile; fileRef = 1FF4FE761F1CC31700CC78B3 /* SystemReportsApiService.swift */; };
		1FD7E69C1F1D0E140023C033 /* AccessKeys.swift in Sources */ = {isa = PBXBuildFile; fileRef = 1FF4FE801F1CE8C800CC78B3 /* AccessKeys.swift */; };
		1FD7E69D1F1D0E140023C033 /* AccessRights.swift in Sources */ = {isa = PBXBuildFile; fileRef = 1FF4FE821F1CEA0A00CC78B3 /* AccessRights.swift */; };
		1FD7E69E1F1D0E140023C033 /* Account.swift in Sources */ = {isa = PBXBuildFile; fileRef = 1FF4FE841F1CEA7100CC78B3 /* Account.swift */; };
		1FD7E69F1F1D0E140023C033 /* MethodConnection.swift in Sources */ = {isa = PBXBuildFile; fileRef = 1FF4FE8A1F1CF1D200CC78B3 /* MethodConnection.swift */; };
		1FD7E6A01F1D0E140023C033 /* BaseNotificationPreference.swift in Sources */ = {isa = PBXBuildFile; fileRef = 1FF4FE8C1F1CF21E00CC78B3 /* BaseNotificationPreference.swift */; };
		1FD7E6A11F1D0E140023C033 /* ReportType.swift in Sources */ = {isa = PBXBuildFile; fileRef = 1FF4FE791F1CC50700CC78B3 /* ReportType.swift */; };
		1FD7E6A21F1D0E140023C033 /* BaseBugReport.swift in Sources */ = {isa = PBXBuildFile; fileRef = 1FF4FE7B1F1CC55F00CC78B3 /* BaseBugReport.swift */; };
		1FD7E6A31F1D0E140023C033 /* RemoteBugReport.swift in Sources */ = {isa = PBXBuildFile; fileRef = 1FF4FE7D1F1CCA8700CC78B3 /* RemoteBugReport.swift */; };
		1FD7E6A41F1D0E140023C033 /* BankClientType.swift in Sources */ = {isa = PBXBuildFile; fileRef = 1FF4FE741F1BFD3000CC78B3 /* BankClientType.swift */; };
		1FD7E6A51F1D0E140023C033 /* CurrencyType.swift in Sources */ = {isa = PBXBuildFile; fileRef = 1FF4FE861F1CEAD800CC78B3 /* CurrencyType.swift */; };
		1FD7E6A61F1D0E140023C033 /* Platform.swift in Sources */ = {isa = PBXBuildFile; fileRef = 1FF4FE641F1BF43C00CC78B3 /* Platform.swift */; };
		1FD7E6A71F1D0E140023C033 /* Version.swift in Sources */ = {isa = PBXBuildFile; fileRef = 1FF4FE661F1BF4B600CC78B3 /* Version.swift */; };
		1FD7E6A81F1D0E140023C033 /* BaseDataType.swift in Sources */ = {isa = PBXBuildFile; fileRef = 1FA260801F14A04F00C14886 /* BaseDataType.swift */; };
		1FD7E6A91F1D0E140023C033 /* AppSettings.swift in Sources */ = {isa = PBXBuildFile; fileRef = 1FF4FE701F1BFC0F00CC78B3 /* AppSettings.swift */; };
		1FD7E6AB1F1D0E6B0023C033 /* IOSLibrary.framework in Frameworks */ = {isa = PBXBuildFile; fileRef = 1FD7E6AA1F1D0E6B0023C033 /* IOSLibrary.framework */; };
/* End PBXBuildFile section */

/* Begin PBXContainerItemProxy section */
		1FC5A6B11F138A8600ABE1A6 /* PBXContainerItemProxy */ = {
			isa = PBXContainerItemProxy;
			containerPortal = 1FC5A6941F138A8600ABE1A6 /* Project object */;
			proxyType = 1;
			remoteGlobalIDString = 1FC5A69B1F138A8600ABE1A6;
			remoteInfo = Restomania.App.Kuzina;
		};
		1FC5A6BC1F138A8600ABE1A6 /* PBXContainerItemProxy */ = {
			isa = PBXContainerItemProxy;
			containerPortal = 1FC5A6941F138A8600ABE1A6 /* Project object */;
			proxyType = 1;
			remoteGlobalIDString = 1FC5A69B1F138A8600ABE1A6;
			remoteInfo = Restomania.App.Kuzina;
		};
/* End PBXContainerItemProxy section */

/* Begin PBXFileReference section */
		1F41CE661F13BF22000B92E1 /* IOS Library.framework */ = {isa = PBXFileReference; lastKnownFileType = wrapper.framework; name = "IOS Library.framework"; path = "../IOS Library/build/Debug-iphoneos/IOS Library.framework"; sourceTree = "<group>"; };
		1F41CE681F13BF42000B92E1 /* IOS Library.framework */ = {isa = PBXFileReference; lastKnownFileType = wrapper.framework; name = "IOS Library.framework"; path = "../IOS Library/build/Debug-iphoneos/IOS Library.framework"; sourceTree = "<group>"; };
		1F41CE6A1F13BF4B000B92E1 /* IOS Library.framework */ = {isa = PBXFileReference; lastKnownFileType = wrapper.framework; name = "IOS Library.framework"; path = "../IOS Library/build/Debug-iphoneos/IOS Library.framework"; sourceTree = "<group>"; };
		1FA260801F14A04F00C14886 /* BaseDataType.swift */ = {isa = PBXFileReference; fileEncoding = 4; lastKnownFileType = sourcecode.swift; name = BaseDataType.swift; path = Domains/BaseDataType.swift; sourceTree = "<group>"; };
		1FA260821F14A0F700C14886 /* Gloss.framework */ = {isa = PBXFileReference; lastKnownFileType = wrapper.framework; name = Gloss.framework; path = ../_frameworks/Gloss.framework; sourceTree = "<group>"; };
		1FB8EFC41F1D3C300090045E /* UserNotificationPreference.swift */ = {isa = PBXFileReference; fileEncoding = 4; lastKnownFileType = sourcecode.swift; name = UserNotificationPreference.swift; path = Domains/NotificationPreferences/UserNotificationPreference.swift; sourceTree = "<group>"; };
		1FB8EFCA1F1D41050090045E /* UserParts.swift */ = {isa = PBXFileReference; fileEncoding = 4; lastKnownFileType = sourcecode.swift; name = UserParts.swift; path = Domains/Users/UserParts.swift; sourceTree = "<group>"; };
		1FB8EFCC1F1D41420090045E /* User.swift */ = {isa = PBXFileReference; fileEncoding = 4; lastKnownFileType = sourcecode.swift; name = User.swift; path = Domains/Users/User.swift; sourceTree = "<group>"; };
		1FB8EFCE1F1D41590090045E /* UserSex.swift */ = {isa = PBXFileReference; fileEncoding = 4; lastKnownFileType = sourcecode.swift; name = UserSex.swift; path = Domains/Users/UserSex.swift; sourceTree = "<group>"; };
		1FB8EFD01F1D429D0090045E /* Rate.swift */ = {isa = PBXFileReference; fileEncoding = 4; lastKnownFileType = sourcecode.swift; name = Rate.swift; path = Domains/Reviews/Rate.swift; sourceTree = "<group>"; };
		1FB8EFD21F1D42DF0090045E /* ReviewStatus.swift */ = {isa = PBXFileReference; fileEncoding = 4; lastKnownFileType = sourcecode.swift; name = ReviewStatus.swift; path = Domains/Reviews/ReviewStatus.swift; sourceTree = "<group>"; };
		1FB8EFD41F1D430D0090045E /* Review.swift */ = {isa = PBXFileReference; fileEncoding = 4; lastKnownFileType = sourcecode.swift; name = Review.swift; path = Domains/Reviews/Review.swift; sourceTree = "<group>"; };
		1FB8EFD91F1D47F80090045E /* DayOfWeek.swift */ = {isa = PBXFileReference; fileEncoding = 4; lastKnownFileType = sourcecode.swift; name = DayOfWeek.swift; path = Domains/Places/Schedules/DayOfWeek.swift; sourceTree = "<group>"; };
		1FB8EFDB1F1D48290090045E /* Day.swift */ = {isa = PBXFileReference; fileEncoding = 4; lastKnownFileType = sourcecode.swift; name = Day.swift; path = Domains/Places/Schedules/Day.swift; sourceTree = "<group>"; };
		1FB8EFDD1F1D48CD0090045E /* Schedule.swift */ = {isa = PBXFileReference; fileEncoding = 4; lastKnownFileType = sourcecode.swift; name = Schedule.swift; path = Domains/Places/Schedules/Schedule.swift; sourceTree = "<group>"; };
		1FB8EFDF1F1D49AF0090045E /* LinkType.swift */ = {isa = PBXFileReference; fileEncoding = 4; lastKnownFileType = sourcecode.swift; name = LinkType.swift; path = Domains/Places/Contacts/LinkType.swift; sourceTree = "<group>"; };
		1FB8EFE11F1D49E20090045E /* Link.swift */ = {isa = PBXFileReference; fileEncoding = 4; lastKnownFileType = sourcecode.swift; name = Link.swift; path = Domains/Places/Contacts/Link.swift; sourceTree = "<group>"; };
		1FB8EFE31F1D4A970090045E /* Contacts.swift */ = {isa = PBXFileReference; fileEncoding = 4; lastKnownFileType = sourcecode.swift; name = Contacts.swift; path = Domains/Places/Contacts/Contacts.swift; sourceTree = "<group>"; };
		1FB8EFE51F1D4BDF0090045E /* Dish.swift */ = {isa = PBXFileReference; fileEncoding = 4; lastKnownFileType = sourcecode.swift; name = Dish.swift; path = Domains/Places/Menues/Dish.swift; sourceTree = "<group>"; };
		1FB8EFE71F1D4BF90090045E /* DishCategory.swift */ = {isa = PBXFileReference; fileEncoding = 4; lastKnownFileType = sourcecode.swift; name = DishCategory.swift; path = Domains/Places/Menues/DishCategory.swift; sourceTree = "<group>"; };
		1FB8EFE91F1D4C0C0090045E /* Menu.swift */ = {isa = PBXFileReference; fileEncoding = 4; lastKnownFileType = sourcecode.swift; name = Menu.swift; path = Domains/Places/Menues/Menu.swift; sourceTree = "<group>"; };
		1FB8EFEB1F1D4EEC0090045E /* KitchenType.swift */ = {isa = PBXFileReference; fileEncoding = 4; lastKnownFileType = sourcecode.swift; name = KitchenType.swift; path = Domains/Places/KitchenType.swift; sourceTree = "<group>"; };
		1FB8EFED1F1D4F480090045E /* RegistrationStatus.swift */ = {isa = PBXFileReference; fileEncoding = 4; lastKnownFileType = sourcecode.swift; name = RegistrationStatus.swift; path = Domains/Places/RegistrationStatus.swift; sourceTree = "<group>"; };
		1FB8EFEF1F1D4F7C0090045E /* PlaceType.swift */ = {isa = PBXFileReference; fileEncoding = 4; lastKnownFileType = sourcecode.swift; name = PlaceType.swift; path = Domains/Places/PlaceType.swift; sourceTree = "<group>"; };
		1FB8EFF11F1D4FC20090045E /* Properties.swift */ = {isa = PBXFileReference; fileEncoding = 4; lastKnownFileType = sourcecode.swift; name = Properties.swift; path = Domains/Places/Properties.swift; sourceTree = "<group>"; };
		1FB8EFF31F1D50960090045E /* Location.swift */ = {isa = PBXFileReference; fileEncoding = 4; lastKnownFileType = sourcecode.swift; name = Location.swift; path = Domains/Places/Location.swift; sourceTree = "<group>"; };
		1FB8EFF51F1D516F0090045E /* Place.swift */ = {isa = PBXFileReference; fileEncoding = 4; lastKnownFileType = sourcecode.swift; name = Place.swift; path = Domains/Places/Place.swift; sourceTree = "<group>"; };
		1FB8EFF81F1DE8F10090045E /* LoyaltyType.swift */ = {isa = PBXFileReference; fileEncoding = 4; lastKnownFileType = sourcecode.swift; name = LoyaltyType.swift; path = Domains/Places/Loyalties/LoyaltyType.swift; sourceTree = "<group>"; };
		1FB8EFFA1F1DE9330090045E /* BaseLoyaltySystem.swift */ = {isa = PBXFileReference; fileEncoding = 4; lastKnownFileType = sourcecode.swift; name = BaseLoyaltySystem.swift; path = Domains/Places/Loyalties/BaseLoyaltySystem.swift; sourceTree = "<group>"; };
		1FB8EFFF1F1DF2930090045E /* LoyaltyAccount.swift */ = {isa = PBXFileReference; fileEncoding = 4; lastKnownFileType = sourcecode.swift; name = LoyaltyAccount.swift; path = Domains/Loyalties/LoyaltyAccount.swift; sourceTree = "<group>"; };
		1FB8F0011F1DF3BC0090045E /* CountedLoyaltySystem.swift */ = {isa = PBXFileReference; fileEncoding = 4; lastKnownFileType = sourcecode.swift; name = CountedLoyaltySystem.swift; path = Domains/Loyalties/CountedLoyaltySystem.swift; sourceTree = "<group>"; };
		1FB8F0031F1DF47B0090045E /* CountedLoyaltyDiscounts.swift */ = {isa = PBXFileReference; fileEncoding = 4; lastKnownFileType = sourcecode.swift; name = CountedLoyaltyDiscounts.swift; path = Domains/Loyalties/CountedLoyaltyDiscounts.swift; sourceTree = "<group>"; };
		1FB8F0051F1DF64E0090045E /* Bonuses.swift */ = {isa = PBXFileReference; fileEncoding = 4; lastKnownFileType = sourcecode.swift; name = Bonuses.swift; path = Domains/Places/Loyalties/Bonuses.swift; sourceTree = "<group>"; };
		1FB8F0071F1DF68E0090045E /* Step.swift */ = {isa = PBXFileReference; fileEncoding = 4; lastKnownFileType = sourcecode.swift; name = Step.swift; path = Domains/Places/Loyalties/Step.swift; sourceTree = "<group>"; };
		1FB8F0091F1DF7090090045E /* FixedDiscount.swift */ = {isa = PBXFileReference; fileEncoding = 4; lastKnownFileType = sourcecode.swift; name = FixedDiscount.swift; path = Domains/Places/Loyalties/FixedDiscount.swift; sourceTree = "<group>"; };
		1FB8F00B1F1DF7500090045E /* RegularCustomerDiscount.swift */ = {isa = PBXFileReference; fileEncoding = 4; lastKnownFileType = sourcecode.swift; name = RegularCustomerDiscount.swift; path = Domains/Places/Loyalties/RegularCustomerDiscount.swift; sourceTree = "<group>"; };
		1FB8F00D1F1DFABF0090045E /* Loyalty.swift */ = {isa = PBXFileReference; fileEncoding = 4; lastKnownFileType = sourcecode.swift; name = Loyalty.swift; path = Domains/Places/Loyalties/Loyalty.swift; sourceTree = "<group>"; };
		1FB8F00F1F1E03470090045E /* OpenAccountsApiService.swift */ = {isa = PBXFileReference; fileEncoding = 4; lastKnownFileType = sourcecode.swift; name = OpenAccountsApiService.swift; path = ApiServices/Open/OpenAccountsApiService.swift; sourceTree = "<group>"; };
		1FB8F0111F1E0B520090045E /* OpenPlacesApiService.swift */ = {isa = PBXFileReference; fileEncoding = 4; lastKnownFileType = sourcecode.swift; name = OpenPlacesApiService.swift; path = ApiServices/Open/OpenPlacesApiService.swift; sourceTree = "<group>"; };
		1FB8F0131F1E12AE0090045E /* OpenReviewsApiService.swift */ = {isa = PBXFileReference; fileEncoding = 4; lastKnownFileType = sourcecode.swift; name = OpenReviewsApiService.swift; path = ApiServices/Open/OpenReviewsApiService.swift; sourceTree = "<group>"; };
		1FB8F0161F1E14B30090045E /* GetArgs.swift */ = {isa = PBXFileReference; fileEncoding = 4; lastKnownFileType = sourcecode.swift; name = GetArgs.swift; path = ApiServices/Models/GetArgs.swift; sourceTree = "<group>"; };
		1FB8F01A1F1E190F0090045E /* IKeysStorage.swift */ = {isa = PBXFileReference; fileEncoding = 4; lastKnownFileType = sourcecode.swift; name = IKeysStorage.swift; path = ApiServices/Models/IKeysStorage.swift; sourceTree = "<group>"; };
		1FB8F01C1F1E31C40090045E /* BaseAuthApiService.swift */ = {isa = PBXFileReference; fileEncoding = 4; lastKnownFileType = sourcecode.swift; name = BaseAuthApiService.swift; path = ApiServices/BaseAuthApiService.swift; sourceTree = "<group>"; };
		1FB8F0231F1E5C2D0090045E /* NotificationPlatformType.swift */ = {isa = PBXFileReference; fileEncoding = 4; lastKnownFileType = sourcecode.swift; name = NotificationPlatformType.swift; path = Domains/Communication/NotificationPlatformType.swift; sourceTree = "<group>"; };
		1FB8F0251F1E5C5E0090045E /* Device.swift */ = {isa = PBXFileReference; fileEncoding = 4; lastKnownFileType = sourcecode.swift; name = Device.swift; path = Domains/Communication/Device.swift; sourceTree = "<group>"; };
		1FB8F0271F1E5D510090045E /* OpenDevicesApiService.swift */ = {isa = PBXFileReference; fileEncoding = 4; lastKnownFileType = sourcecode.swift; name = OpenDevicesApiService.swift; path = ApiServices/Open/OpenDevicesApiService.swift; sourceTree = "<group>"; };
		1FB8F02B1F1E610B0090045E /* AddingCard.swift */ = {isa = PBXFileReference; fileEncoding = 4; lastKnownFileType = sourcecode.swift; name = AddingCard.swift; path = ApiServices/Models/AddingCard.swift; sourceTree = "<group>"; };
		1FB8F0301F1E61E70090045E /* TransactionType.swift */ = {isa = PBXFileReference; fileEncoding = 4; lastKnownFileType = sourcecode.swift; name = TransactionType.swift; path = Domains/Payments/Transactions/TransactionType.swift; sourceTree = "<group>"; };
		1FB8F0321F1E621D0090045E /* TransactionStatus.swift */ = {isa = PBXFileReference; fileEncoding = 4; lastKnownFileType = sourcecode.swift; name = TransactionStatus.swift; path = Domains/Payments/Transactions/TransactionStatus.swift; sourceTree = "<group>"; };
		1FB8F0341F1E628F0090045E /* TransactionSummary.swift */ = {isa = PBXFileReference; fileEncoding = 4; lastKnownFileType = sourcecode.swift; name = TransactionSummary.swift; path = Domains/Payments/Transactions/TransactionSummary.swift; sourceTree = "<group>"; };
		1FB8F03B1F1EADB90090045E /* PaymentCard.swift */ = {isa = PBXFileReference; fileEncoding = 4; lastKnownFileType = sourcecode.swift; name = PaymentCard.swift; path = Domains/Payments/Cards/PaymentCard.swift; sourceTree = "<group>"; };
		1FB8F03D1F1EADFB0090045E /* PaymentCardStatus.swift */ = {isa = PBXFileReference; fileEncoding = 4; lastKnownFileType = sourcecode.swift; name = PaymentCardStatus.swift; path = Domains/Payments/Cards/PaymentCardStatus.swift; sourceTree = "<group>"; };
		1FB8F03E1F1EADFB0090045E /* PaymentCardType.swift */ = {isa = PBXFileReference; fileEncoding = 4; lastKnownFileType = sourcecode.swift; name = PaymentCardType.swift; path = Domains/Payments/Cards/PaymentCardType.swift; sourceTree = "<group>"; };
		1FB8F0461F1EC28C0090045E /* UserAccountApiService.swift */ = {isa = PBXFileReference; fileEncoding = 4; lastKnownFileType = sourcecode.swift; name = UserAccountApiService.swift; path = ApiServices/User/UserAccountApiService.swift; sourceTree = "<group>"; };
		1FB8F0471F1EC28C0090045E /* UserCardsApiService.swift */ = {isa = PBXFileReference; fileEncoding = 4; lastKnownFileType = sourcecode.swift; name = UserCardsApiService.swift; path = ApiServices/User/UserCardsApiService.swift; sourceTree = "<group>"; };
		1FB8F0481F1EC28C0090045E /* UserLoyaltyApiService.swift */ = {isa = PBXFileReference; fileEncoding = 4; lastKnownFileType = sourcecode.swift; name = UserLoyaltyApiService.swift; path = ApiServices/User/UserLoyaltyApiService.swift; sourceTree = "<group>"; };
		1FB8F0491F1EC28C0090045E /* UserReviewsApiService.swift */ = {isa = PBXFileReference; fileEncoding = 4; lastKnownFileType = sourcecode.swift; name = UserReviewsApiService.swift; path = ApiServices/User/UserReviewsApiService.swift; sourceTree = "<group>"; };
		1FB8F04A1F1EC28C0090045E /* UserUpdateAccountApiService.swift */ = {isa = PBXFileReference; fileEncoding = 4; lastKnownFileType = sourcecode.swift; name = UserUpdateAccountApiService.swift; path = ApiServices/User/UserUpdateAccountApiService.swift; sourceTree = "<group>"; };
		1FB8F04B1F1EC28C0090045E /* UserUpdateNotificationsApiService.swift */ = {isa = PBXFileReference; fileEncoding = 4; lastKnownFileType = sourcecode.swift; name = UserUpdateNotificationsApiService.swift; path = ApiServices/User/UserUpdateNotificationsApiService.swift; sourceTree = "<group>"; };
		1FB8F0521F1EC45D0090045E /* UserOrdersApiService.swift */ = {isa = PBXFileReference; fileEncoding = 4; lastKnownFileType = sourcecode.swift; name = UserOrdersApiService.swift; path = ApiServices/User/UserOrdersApiService.swift; sourceTree = "<group>"; };
		1FB8F0541F1EC5200090045E /* UserBookingsApiService.swift */ = {isa = PBXFileReference; fileEncoding = 4; lastKnownFileType = sourcecode.swift; name = UserBookingsApiService.swift; path = ApiServices/User/UserBookingsApiService.swift; sourceTree = "<group>"; };
		1FB8F0591F1EC5C90090045E /* OrderSummary.swift */ = {isa = PBXFileReference; fileEncoding = 4; lastKnownFileType = sourcecode.swift; name = OrderSummary.swift; path = Domains/Orders/OrderSummary.swift; sourceTree = "<group>"; };
		1FB8F05B1F1ECBFD0090045E /* BaseOrder.swift */ = {isa = PBXFileReference; fileEncoding = 4; lastKnownFileType = sourcecode.swift; name = BaseOrder.swift; path = Domains/Orders/BaseOrder.swift; sourceTree = "<group>"; };
		1FB8F05D1F1ECD020090045E /* Booking.swift */ = {isa = PBXFileReference; fileEncoding = 4; lastKnownFileType = sourcecode.swift; name = Booking.swift; path = Domains/Orders/Bookings/Booking.swift; sourceTree = "<group>"; };
		1FB8F05F1F1ECD140090045E /* BookingStatus.swift */ = {isa = PBXFileReference; fileEncoding = 4; lastKnownFileType = sourcecode.swift; name = BookingStatus.swift; path = Domains/Orders/Bookings/BookingStatus.swift; sourceTree = "<group>"; };
		1FB8F0611F1ECE5F0090045E /* DishOrderStatus.swift */ = {isa = PBXFileReference; fileEncoding = 4; lastKnownFileType = sourcecode.swift; name = DishOrderStatus.swift; path = Domains/Orders/DishOrders/DishOrderStatus.swift; sourceTree = "<group>"; };
		1FB8F0631F1ECE990090045E /* DishOrderType.swift */ = {isa = PBXFileReference; fileEncoding = 4; lastKnownFileType = sourcecode.swift; name = DishOrderType.swift; path = Domains/Orders/DishOrders/DishOrderType.swift; sourceTree = "<group>"; };
		1FB8F0651F1ECEC00090045E /* OrderedDish.swift */ = {isa = PBXFileReference; fileEncoding = 4; lastKnownFileType = sourcecode.swift; name = OrderedDish.swift; path = Domains/Orders/DishOrders/OrderedDish.swift; sourceTree = "<group>"; };
		1FB8F0691F1ECF980090045E /* DishOrder.swift */ = {isa = PBXFileReference; fileEncoding = 4; lastKnownFileType = sourcecode.swift; name = DishOrder.swift; path = Domains/Orders/DishOrders/DishOrder.swift; sourceTree = "<group>"; };
		1FB8F06B1F1EDCDB0090045E /* AddingOrder.swift */ = {isa = PBXFileReference; fileEncoding = 4; lastKnownFileType = sourcecode.swift; name = AddingOrder.swift; path = ApiServices/Models/AddingOrder.swift; sourceTree = "<group>"; };
		1FB8F06D1F1EE04D0090045E /* AddingBooking.swift */ = {isa = PBXFileReference; fileEncoding = 4; lastKnownFileType = sourcecode.swift; name = AddingBooking.swift; path = ApiServices/Models/AddingBooking.swift; sourceTree = "<group>"; };
		1FC5A69C1F138A8600ABE1A6 /* RestomaniaAppKuzina.app */ = {isa = PBXFileReference; explicitFileType = wrapper.application; includeInIndex = 0; path = RestomaniaAppKuzina.app; sourceTree = BUILT_PRODUCTS_DIR; };
		1FC5A69F1F138A8600ABE1A6 /* AppDelegate.swift */ = {isa = PBXFileReference; lastKnownFileType = sourcecode.swift; path = AppDelegate.swift; sourceTree = "<group>"; };
		1FC5A6A11F138A8600ABE1A6 /* ViewController.swift */ = {isa = PBXFileReference; lastKnownFileType = sourcecode.swift; path = ViewController.swift; sourceTree = "<group>"; };
		1FC5A6A41F138A8600ABE1A6 /* Base */ = {isa = PBXFileReference; lastKnownFileType = file.storyboard; name = Base; path = Base.lproj/Main.storyboard; sourceTree = "<group>"; };
		1FC5A6A61F138A8600ABE1A6 /* Assets.xcassets */ = {isa = PBXFileReference; lastKnownFileType = folder.assetcatalog; path = Assets.xcassets; sourceTree = "<group>"; };
		1FC5A6A91F138A8600ABE1A6 /* Base */ = {isa = PBXFileReference; lastKnownFileType = file.storyboard; name = Base; path = Base.lproj/LaunchScreen.storyboard; sourceTree = "<group>"; };
		1FC5A6AB1F138A8600ABE1A6 /* Info.plist */ = {isa = PBXFileReference; lastKnownFileType = text.plist.xml; path = Info.plist; sourceTree = "<group>"; };
		1FC5A6B01F138A8600ABE1A6 /* RestomaniaAppKuzina-Tests.xctest */ = {isa = PBXFileReference; explicitFileType = wrapper.cfbundle; includeInIndex = 0; path = "RestomaniaAppKuzina-Tests.xctest"; sourceTree = BUILT_PRODUCTS_DIR; };
		1FC5A6B41F138A8600ABE1A6 /* Restomania_App_KuzinaTests.swift */ = {isa = PBXFileReference; lastKnownFileType = sourcecode.swift; path = Restomania_App_KuzinaTests.swift; sourceTree = "<group>"; };
		1FC5A6B61F138A8600ABE1A6 /* Info.plist */ = {isa = PBXFileReference; lastKnownFileType = text.plist.xml; path = Info.plist; sourceTree = "<group>"; };
		1FC5A6BB1F138A8600ABE1A6 /* RestomaniaAppKuzina-UITests.xctest */ = {isa = PBXFileReference; explicitFileType = wrapper.cfbundle; includeInIndex = 0; path = "RestomaniaAppKuzina-UITests.xctest"; sourceTree = BUILT_PRODUCTS_DIR; };
		1FC5A6BF1F138A8600ABE1A6 /* Restomania_App_KuzinaUITests.swift */ = {isa = PBXFileReference; lastKnownFileType = sourcecode.swift; path = Restomania_App_KuzinaUITests.swift; sourceTree = "<group>"; };
		1FC5A6C11F138A8600ABE1A6 /* Info.plist */ = {isa = PBXFileReference; lastKnownFileType = text.plist.xml; path = Info.plist; sourceTree = "<group>"; };
		1FC5A7421F138C9400ABE1A6 /* IOS library.framework */ = {isa = PBXFileReference; lastKnownFileType = wrapper.framework; name = "IOS library.framework"; path = "../IOS library/build/Debug-iphoneos/IOS library.framework"; sourceTree = "<group>"; };
		1FC5A74A1F139DEC00ABE1A6 /* IOSLibrary.framework */ = {isa = PBXFileReference; lastKnownFileType = wrapper.framework; name = IOSLibrary.framework; path = "../../../../Library/Developer/Xcode/DerivedData/Restomania-fxxzqiscfbcurlbubkhnpcaaxwyg/Build/Products/Debug-iphonesimulator/IOSLibrary.framework"; sourceTree = "<group>"; };
		1FD7E6951F1D0D5C0023C033 /* BaseApiService.swift */ = {isa = PBXFileReference; fileEncoding = 4; lastKnownFileType = sourcecode.swift; name = BaseApiService.swift; path = ApiServices/BaseApiService.swift; sourceTree = "<group>"; };
		1FD7E6AA1F1D0E6B0023C033 /* IOSLibrary.framework */ = {isa = PBXFileReference; lastKnownFileType = wrapper.framework; name = IOSLibrary.framework; path = "../../../../Library/Developer/Xcode/DerivedData/Restomania-ddestcygydqsikdncgqzzaesfjnm/Build/Products/Debug-iphonesimulator/IOSLibrary.framework"; sourceTree = "<group>"; };
		1FF4FE5D1F1BE74C00CC78B3 /* SystemStatusApiService.swift */ = {isa = PBXFileReference; fileEncoding = 4; lastKnownFileType = sourcecode.swift; name = SystemStatusApiService.swift; path = ApiServices/System/SystemStatusApiService.swift; sourceTree = "<group>"; };
		1FF4FE641F1BF43C00CC78B3 /* Platform.swift */ = {isa = PBXFileReference; fileEncoding = 4; lastKnownFileType = sourcecode.swift; name = Platform.swift; path = Domains/Versions/Platform.swift; sourceTree = "<group>"; };
		1FF4FE661F1BF4B600CC78B3 /* Version.swift */ = {isa = PBXFileReference; fileEncoding = 4; lastKnownFileType = sourcecode.swift; name = Version.swift; path = Domains/Versions/Version.swift; sourceTree = "<group>"; };
		1FF4FE6C1F1BF9E900CC78B3 /* SystemVersionsApiService.swift */ = {isa = PBXFileReference; fileEncoding = 4; lastKnownFileType = sourcecode.swift; name = SystemVersionsApiService.swift; path = ApiServices/System/SystemVersionsApiService.swift; sourceTree = "<group>"; };
		1FF4FE6E1F1BFB5A00CC78B3 /* SystemSettingsApiService.swift */ = {isa = PBXFileReference; fileEncoding = 4; lastKnownFileType = sourcecode.swift; name = SystemSettingsApiService.swift; path = ApiServices/System/SystemSettingsApiService.swift; sourceTree = "<group>"; };
		1FF4FE701F1BFC0F00CC78B3 /* AppSettings.swift */ = {isa = PBXFileReference; fileEncoding = 4; lastKnownFileType = sourcecode.swift; name = AppSettings.swift; path = Domains/AppSettings.swift; sourceTree = "<group>"; };
		1FF4FE741F1BFD3000CC78B3 /* BankClientType.swift */ = {isa = PBXFileReference; fileEncoding = 4; lastKnownFileType = sourcecode.swift; name = BankClientType.swift; path = Domains/Payments/BankClientType.swift; sourceTree = "<group>"; };
		1FF4FE761F1CC31700CC78B3 /* SystemReportsApiService.swift */ = {isa = PBXFileReference; fileEncoding = 4; lastKnownFileType = sourcecode.swift; name = SystemReportsApiService.swift; path = ApiServices/System/SystemReportsApiService.swift; sourceTree = "<group>"; };
		1FF4FE791F1CC50700CC78B3 /* ReportType.swift */ = {isa = PBXFileReference; fileEncoding = 4; lastKnownFileType = sourcecode.swift; name = ReportType.swift; path = Domains/Log/ReportType.swift; sourceTree = "<group>"; };
		1FF4FE7B1F1CC55F00CC78B3 /* BaseBugReport.swift */ = {isa = PBXFileReference; fileEncoding = 4; lastKnownFileType = sourcecode.swift; name = BaseBugReport.swift; path = Domains/Log/BaseBugReport.swift; sourceTree = "<group>"; };
		1FF4FE7D1F1CCA8700CC78B3 /* RemoteBugReport.swift */ = {isa = PBXFileReference; fileEncoding = 4; lastKnownFileType = sourcecode.swift; name = RemoteBugReport.swift; path = Domains/Log/RemoteBugReport.swift; sourceTree = "<group>"; };
		1FF4FE801F1CE8C800CC78B3 /* AccessKeys.swift */ = {isa = PBXFileReference; fileEncoding = 4; lastKnownFileType = sourcecode.swift; name = AccessKeys.swift; path = Domains/Accounts/AccessKeys.swift; sourceTree = "<group>"; };
		1FF4FE821F1CEA0A00CC78B3 /* AccessRights.swift */ = {isa = PBXFileReference; fileEncoding = 4; lastKnownFileType = sourcecode.swift; name = AccessRights.swift; path = Domains/Accounts/AccessRights.swift; sourceTree = "<group>"; };
		1FF4FE841F1CEA7100CC78B3 /* Account.swift */ = {isa = PBXFileReference; fileEncoding = 4; lastKnownFileType = sourcecode.swift; name = Account.swift; path = Domains/Accounts/Account.swift; sourceTree = "<group>"; };
		1FF4FE861F1CEAD800CC78B3 /* CurrencyType.swift */ = {isa = PBXFileReference; fileEncoding = 4; lastKnownFileType = sourcecode.swift; name = CurrencyType.swift; path = Domains/Payments/CurrencyType.swift; sourceTree = "<group>"; };
		1FF4FE8A1F1CF1D200CC78B3 /* MethodConnection.swift */ = {isa = PBXFileReference; fileEncoding = 4; lastKnownFileType = sourcecode.swift; name = MethodConnection.swift; path = Domains/NotificationPreferences/MethodConnection.swift; sourceTree = "<group>"; };
		1FF4FE8C1F1CF21E00CC78B3 /* BaseNotificationPreference.swift */ = {isa = PBXFileReference; fileEncoding = 4; lastKnownFileType = sourcecode.swift; name = BaseNotificationPreference.swift; path = Domains/NotificationPreferences/BaseNotificationPreference.swift; sourceTree = "<group>"; };
		32F39B49DB18610917E47C53 /* Pods-RestomaniaAppKuzina.release.xcconfig */ = {isa = PBXFileReference; includeInIndex = 1; lastKnownFileType = text.xcconfig; name = "Pods-RestomaniaAppKuzina.release.xcconfig"; path = "../Pods/Target Support Files/Pods-RestomaniaAppKuzina/Pods-RestomaniaAppKuzina.release.xcconfig"; sourceTree = "<group>"; };
		569A246FD5FA8E45CFBE0778 /* Pods_RestomaniaAppKuzina.framework */ = {isa = PBXFileReference; explicitFileType = wrapper.framework; includeInIndex = 0; path = Pods_RestomaniaAppKuzina.framework; sourceTree = BUILT_PRODUCTS_DIR; };
		6CE014E503EC25888FF44136 /* Pods-RestomaniaAppKuzina.debug.xcconfig */ = {isa = PBXFileReference; includeInIndex = 1; lastKnownFileType = text.xcconfig; name = "Pods-RestomaniaAppKuzina.debug.xcconfig"; path = "../Pods/Target Support Files/Pods-RestomaniaAppKuzina/Pods-RestomaniaAppKuzina.debug.xcconfig"; sourceTree = "<group>"; };
/* End PBXFileReference section */

/* Begin PBXFrameworksBuildPhase section */
		1FC5A6991F138A8600ABE1A6 /* Frameworks */ = {
			isa = PBXFrameworksBuildPhase;
			buildActionMask = 2147483647;
			files = (
				1FD7E6AB1F1D0E6B0023C033 /* IOSLibrary.framework in Frameworks */,
				1896B820A0145335649534AC /* Pods_RestomaniaAppKuzina.framework in Frameworks */,
			);
			runOnlyForDeploymentPostprocessing = 0;
		};
		1FC5A6AD1F138A8600ABE1A6 /* Frameworks */ = {
			isa = PBXFrameworksBuildPhase;
			buildActionMask = 2147483647;
			files = (
				1F41CE671F13BF22000B92E1 /* IOS Library.framework in Frameworks */,
			);
			runOnlyForDeploymentPostprocessing = 0;
		};
		1FC5A6B81F138A8600ABE1A6 /* Frameworks */ = {
			isa = PBXFrameworksBuildPhase;
			buildActionMask = 2147483647;
			files = (
				1F41CE6B1F13BF4B000B92E1 /* IOS Library.framework in Frameworks */,
			);
			runOnlyForDeploymentPostprocessing = 0;
		};
/* End PBXFrameworksBuildPhase section */

/* Begin PBXGroup section */
		1FA2607E1F14A02400C14886 /* Domains */ = {
			isa = PBXGroup;
			children = (
				1FA260801F14A04F00C14886 /* BaseDataType.swift */,
				1FF4FE7F1F1CE8B600CC78B3 /* Accounts */,
				1FF4FE891F1CF18100CC78B3 /* NotificationPreferences */,
				1FB8EFC61F1D3CF50090045E /* Users */,
				1FB8EFC81F1D3FF50090045E /* Places */,
				1FB8EFC71F1D3FEC0090045E /* Orders */,
				1FB8EFFE1F1DF2180090045E /* Loyalties */,
				1FB8EFC91F1D40170090045E /* Reviews */,
				1FB8F0221F1E5BB10090045E /* Communication */,
				1FF4FE781F1CC4E500CC78B3 /* Log */,
				1FF4FE721F1BFCDF00CC78B3 /* Payments */,
				1FF4FE631F1BF41400CC78B3 /* Versions */,
				1FF4FE701F1BFC0F00CC78B3 /* AppSettings.swift */,
			);
			name = Domains;
			sourceTree = "<group>";
		};
		1FB8EFC61F1D3CF50090045E /* Users */ = {
			isa = PBXGroup;
			children = (
				1FB8EFCA1F1D41050090045E /* UserParts.swift */,
				1FB8EFCE1F1D41590090045E /* UserSex.swift */,
				1FB8EFCC1F1D41420090045E /* User.swift */,
			);
			name = Users;
			sourceTree = "<group>";
		};
		1FB8EFC71F1D3FEC0090045E /* Orders */ = {
			isa = PBXGroup;
			children = (
				1FB8F0571F1EC5A50090045E /* DishOrders */,
				1FB8F0561F1EC59C0090045E /* Bookings */,
				1FB8F0591F1EC5C90090045E /* OrderSummary.swift */,
				1FB8F05B1F1ECBFD0090045E /* BaseOrder.swift */,
			);
			name = Orders;
			sourceTree = "<group>";
		};
		1FB8EFC81F1D3FF50090045E /* Places */ = {
			isa = PBXGroup;
			children = (
				1FB8EFD81F1D47CD0090045E /* Schedules */,
				1FB8EFD71F1D47C40090045E /* Menues */,
				1FB8EFD61F1D47AA0090045E /* Contacts */,
				1FB8EFF71F1D520A0090045E /* Loyalties */,
				1FB8EFED1F1D4F480090045E /* RegistrationStatus.swift */,
				1FB8EFEF1F1D4F7C0090045E /* PlaceType.swift */,
				1FB8EFEB1F1D4EEC0090045E /* KitchenType.swift */,
				1FB8EFF11F1D4FC20090045E /* Properties.swift */,
				1FB8EFF31F1D50960090045E /* Location.swift */,
				1FB8EFF51F1D516F0090045E /* Place.swift */,
			);
			name = Places;
			sourceTree = "<group>";
		};
		1FB8EFC91F1D40170090045E /* Reviews */ = {
			isa = PBXGroup;
			children = (
				1FB8EFD01F1D429D0090045E /* Rate.swift */,
				1FB8EFD21F1D42DF0090045E /* ReviewStatus.swift */,
				1FB8EFD41F1D430D0090045E /* Review.swift */,
			);
			name = Reviews;
			sourceTree = "<group>";
		};
		1FB8EFD61F1D47AA0090045E /* Contacts */ = {
			isa = PBXGroup;
			children = (
				1FB8EFDF1F1D49AF0090045E /* LinkType.swift */,
				1FB8EFE11F1D49E20090045E /* Link.swift */,
				1FB8EFE31F1D4A970090045E /* Contacts.swift */,
			);
			name = Contacts;
			sourceTree = "<group>";
		};
		1FB8EFD71F1D47C40090045E /* Menues */ = {
			isa = PBXGroup;
			children = (
				1FB8EFE71F1D4BF90090045E /* DishCategory.swift */,
				1FB8EFE51F1D4BDF0090045E /* Dish.swift */,
				1FB8EFE91F1D4C0C0090045E /* Menu.swift */,
			);
			name = Menues;
			sourceTree = "<group>";
		};
		1FB8EFD81F1D47CD0090045E /* Schedules */ = {
			isa = PBXGroup;
			children = (
				1FB8EFD91F1D47F80090045E /* DayOfWeek.swift */,
				1FB8EFDB1F1D48290090045E /* Day.swift */,
				1FB8EFDD1F1D48CD0090045E /* Schedule.swift */,
			);
			name = Schedules;
			sourceTree = "<group>";
		};
		1FB8EFF71F1D520A0090045E /* Loyalties */ = {
			isa = PBXGroup;
			children = (
				1FB8EFF81F1DE8F10090045E /* LoyaltyType.swift */,
				1FB8F0071F1DF68E0090045E /* Step.swift */,
				1FB8EFFA1F1DE9330090045E /* BaseLoyaltySystem.swift */,
				1FB8F0051F1DF64E0090045E /* Bonuses.swift */,
				1FB8F0091F1DF7090090045E /* FixedDiscount.swift */,
				1FB8F00B1F1DF7500090045E /* RegularCustomerDiscount.swift */,
				1FB8F00D1F1DFABF0090045E /* Loyalty.swift */,
			);
			name = Loyalties;
			sourceTree = "<group>";
		};
		1FB8EFFE1F1DF2180090045E /* Loyalties */ = {
			isa = PBXGroup;
			children = (
				1FB8EFFF1F1DF2930090045E /* LoyaltyAccount.swift */,
				1FB8F0011F1DF3BC0090045E /* CountedLoyaltySystem.swift */,
				1FB8F0031F1DF47B0090045E /* CountedLoyaltyDiscounts.swift */,
			);
			name = Loyalties;
			sourceTree = "<group>";
		};
		1FB8F0151F1E14710090045E /* Models */ = {
			isa = PBXGroup;
			children = (
				1FB8F0161F1E14B30090045E /* GetArgs.swift */,
				1FB8F01A1F1E190F0090045E /* IKeysStorage.swift */,
				1FB8F02B1F1E610B0090045E /* AddingCard.swift */,
				1FB8F06B1F1EDCDB0090045E /* AddingOrder.swift */,
				1FB8F06D1F1EE04D0090045E /* AddingBooking.swift */,
			);
			name = Models;
			sourceTree = "<group>";
		};
		1FB8F0221F1E5BB10090045E /* Communication */ = {
			isa = PBXGroup;
			children = (
				1FB8F0231F1E5C2D0090045E /* NotificationPlatformType.swift */,
				1FB8F0251F1E5C5E0090045E /* Device.swift */,
			);
			name = Communication;
			sourceTree = "<group>";
		};
		1FB8F02F1F1E61AC0090045E /* Transactions */ = {
			isa = PBXGroup;
			children = (
				1FB8F0341F1E628F0090045E /* TransactionSummary.swift */,
				1FB8F0301F1E61E70090045E /* TransactionType.swift */,
				1FB8F0321F1E621D0090045E /* TransactionStatus.swift */,
			);
			name = Transactions;
			sourceTree = "<group>";
		};
		1FB8F0361F1EAD2A0090045E /* Cards */ = {
			isa = PBXGroup;
			children = (
				1FB8F03D1F1EADFB0090045E /* PaymentCardStatus.swift */,
				1FB8F03E1F1EADFB0090045E /* PaymentCardType.swift */,
				1FB8F03B1F1EADB90090045E /* PaymentCard.swift */,
			);
			name = Cards;
			sourceTree = "<group>";
		};
		1FB8F0451F1EC27F0090045E /* User */ = {
			isa = PBXGroup;
			children = (
				1FB8F0461F1EC28C0090045E /* UserAccountApiService.swift */,
				1FB8F04A1F1EC28C0090045E /* UserUpdateAccountApiService.swift */,
				1FB8F04B1F1EC28C0090045E /* UserUpdateNotificationsApiService.swift */,
				1FB8F0471F1EC28C0090045E /* UserCardsApiService.swift */,
				1FB8F0481F1EC28C0090045E /* UserLoyaltyApiService.swift */,
				1FB8F0491F1EC28C0090045E /* UserReviewsApiService.swift */,
				1FB8F0521F1EC45D0090045E /* UserOrdersApiService.swift */,
				1FB8F0541F1EC5200090045E /* UserBookingsApiService.swift */,
			);
			name = User;
			sourceTree = "<group>";
		};
		1FB8F0561F1EC59C0090045E /* Bookings */ = {
			isa = PBXGroup;
			children = (
				1FB8F05D1F1ECD020090045E /* Booking.swift */,
				1FB8F05F1F1ECD140090045E /* BookingStatus.swift */,
			);
			name = Bookings;
			sourceTree = "<group>";
		};
		1FB8F0571F1EC5A50090045E /* DishOrders */ = {
			isa = PBXGroup;
			children = (
				1FB8F0611F1ECE5F0090045E /* DishOrderStatus.swift */,
				1FB8F0631F1ECE990090045E /* DishOrderType.swift */,
				1FB8F0651F1ECEC00090045E /* OrderedDish.swift */,
				1FB8F0691F1ECF980090045E /* DishOrder.swift */,
			);
			name = DishOrders;
			sourceTree = "<group>";
		};
		1FC5A6931F138A8600ABE1A6 = {
			isa = PBXGroup;
			children = (
				1FC5A69E1F138A8600ABE1A6 /* Restomania.App.Kuzina */,
				1FC5A6B31F138A8600ABE1A6 /* Restomania.App.KuzinaTests */,
				1FC5A6BE1F138A8600ABE1A6 /* Restomania.App.KuzinaUITests */,
				1FC5A69D1F138A8600ABE1A6 /* Products */,
				1FC5A7411F138C9400ABE1A6 /* Frameworks */,
				669C3AFDA7F4F79423497066 /* Pods */,
			);
			sourceTree = "<group>";
		};
		1FC5A69D1F138A8600ABE1A6 /* Products */ = {
			isa = PBXGroup;
			children = (
				1FC5A69C1F138A8600ABE1A6 /* RestomaniaAppKuzina.app */,
				1FC5A6B01F138A8600ABE1A6 /* RestomaniaAppKuzina-Tests.xctest */,
				1FC5A6BB1F138A8600ABE1A6 /* RestomaniaAppKuzina-UITests.xctest */,
			);
			name = Products;
			sourceTree = "<group>";
		};
		1FC5A69E1F138A8600ABE1A6 /* Restomania.App.Kuzina */ = {
			isa = PBXGroup;
			children = (
				1FF4FE591F1BE48600CC78B3 /* Controllers */,
				1FF4FE581F1BE48100CC78B3 /* Services */,
				1FF4FE571F1BE47300CC78B3 /* ApiServices */,
				1FA2607E1F14A02400C14886 /* Domains */,
				1FC5A69F1F138A8600ABE1A6 /* AppDelegate.swift */,
				1FC5A6A11F138A8600ABE1A6 /* ViewController.swift */,
				1FC5A6A31F138A8600ABE1A6 /* Main.storyboard */,
				1FC5A6A61F138A8600ABE1A6 /* Assets.xcassets */,
				1FC5A6A81F138A8600ABE1A6 /* LaunchScreen.storyboard */,
				1FC5A6AB1F138A8600ABE1A6 /* Info.plist */,
			);
			path = Restomania.App.Kuzina;
			sourceTree = "<group>";
		};
		1FC5A6B31F138A8600ABE1A6 /* Restomania.App.KuzinaTests */ = {
			isa = PBXGroup;
			children = (
				1FC5A6B41F138A8600ABE1A6 /* Restomania_App_KuzinaTests.swift */,
				1FC5A6B61F138A8600ABE1A6 /* Info.plist */,
			);
			path = Restomania.App.KuzinaTests;
			sourceTree = "<group>";
		};
		1FC5A6BE1F138A8600ABE1A6 /* Restomania.App.KuzinaUITests */ = {
			isa = PBXGroup;
			children = (
				1FC5A6BF1F138A8600ABE1A6 /* Restomania_App_KuzinaUITests.swift */,
				1FC5A6C11F138A8600ABE1A6 /* Info.plist */,
			);
			path = Restomania.App.KuzinaUITests;
			sourceTree = "<group>";
		};
		1FC5A7411F138C9400ABE1A6 /* Frameworks */ = {
			isa = PBXGroup;
			children = (
				1FD7E6AA1F1D0E6B0023C033 /* IOSLibrary.framework */,
				1FA260821F14A0F700C14886 /* Gloss.framework */,
				1F41CE6A1F13BF4B000B92E1 /* IOS Library.framework */,
				1F41CE681F13BF42000B92E1 /* IOS Library.framework */,
				1F41CE661F13BF22000B92E1 /* IOS Library.framework */,
				1FC5A74A1F139DEC00ABE1A6 /* IOSLibrary.framework */,
				1FC5A7421F138C9400ABE1A6 /* IOS library.framework */,
				569A246FD5FA8E45CFBE0778 /* Pods_RestomaniaAppKuzina.framework */,
			);
			name = Frameworks;
			sourceTree = "<group>";
		};
		1FF4FE571F1BE47300CC78B3 /* ApiServices */ = {
			isa = PBXGroup;
			children = (
				1FD7E6951F1D0D5C0023C033 /* BaseApiService.swift */,
				1FB8F01C1F1E31C40090045E /* BaseAuthApiService.swift */,
				1FB8F0151F1E14710090045E /* Models */,
				1FB8F0451F1EC27F0090045E /* User */,
				1FF4FE5B1F1BE68800CC78B3 /* System */,
				1FF4FE5A1F1BE68200CC78B3 /* Open */,
			);
			name = ApiServices;
			sourceTree = "<group>";
		};
		1FF4FE581F1BE48100CC78B3 /* Services */ = {
			isa = PBXGroup;
			children = (
			);
			name = Services;
			sourceTree = "<group>";
		};
		1FF4FE591F1BE48600CC78B3 /* Controllers */ = {
			isa = PBXGroup;
			children = (
			);
			name = Controllers;
			sourceTree = "<group>";
		};
		1FF4FE5A1F1BE68200CC78B3 /* Open */ = {
			isa = PBXGroup;
			children = (
				1FB8F00F1F1E03470090045E /* OpenAccountsApiService.swift */,
				1FB8F0111F1E0B520090045E /* OpenPlacesApiService.swift */,
				1FB8F0131F1E12AE0090045E /* OpenReviewsApiService.swift */,
				1FB8F0271F1E5D510090045E /* OpenDevicesApiService.swift */,
			);
			name = Open;
			sourceTree = "<group>";
		};
		1FF4FE5B1F1BE68800CC78B3 /* System */ = {
			isa = PBXGroup;
			children = (
				1FF4FE5D1F1BE74C00CC78B3 /* SystemStatusApiService.swift */,
				1FF4FE6C1F1BF9E900CC78B3 /* SystemVersionsApiService.swift */,
				1FF4FE6E1F1BFB5A00CC78B3 /* SystemSettingsApiService.swift */,
				1FF4FE761F1CC31700CC78B3 /* SystemReportsApiService.swift */,
			);
			name = System;
			sourceTree = "<group>";
		};
		1FF4FE631F1BF41400CC78B3 /* Versions */ = {
			isa = PBXGroup;
			children = (
				1FF4FE641F1BF43C00CC78B3 /* Platform.swift */,
				1FF4FE661F1BF4B600CC78B3 /* Version.swift */,
			);
			name = Versions;
			sourceTree = "<group>";
		};
		1FF4FE721F1BFCDF00CC78B3 /* Payments */ = {
			isa = PBXGroup;
			children = (
				1FB8F0361F1EAD2A0090045E /* Cards */,
				1FB8F02F1F1E61AC0090045E /* Transactions */,
				1FF4FE741F1BFD3000CC78B3 /* BankClientType.swift */,
				1FF4FE861F1CEAD800CC78B3 /* CurrencyType.swift */,
			);
			name = Payments;
			sourceTree = "<group>";
		};
		1FF4FE781F1CC4E500CC78B3 /* Log */ = {
			isa = PBXGroup;
			children = (
				1FF4FE791F1CC50700CC78B3 /* ReportType.swift */,
				1FF4FE7B1F1CC55F00CC78B3 /* BaseBugReport.swift */,
				1FF4FE7D1F1CCA8700CC78B3 /* RemoteBugReport.swift */,
			);
			name = Log;
			sourceTree = "<group>";
		};
		1FF4FE7F1F1CE8B600CC78B3 /* Accounts */ = {
			isa = PBXGroup;
			children = (
				1FF4FE801F1CE8C800CC78B3 /* AccessKeys.swift */,
				1FF4FE821F1CEA0A00CC78B3 /* AccessRights.swift */,
				1FF4FE841F1CEA7100CC78B3 /* Account.swift */,
			);
			name = Accounts;
			sourceTree = "<group>";
		};
		1FF4FE891F1CF18100CC78B3 /* NotificationPreferences */ = {
			isa = PBXGroup;
			children = (
				1FF4FE8A1F1CF1D200CC78B3 /* MethodConnection.swift */,
				1FF4FE8C1F1CF21E00CC78B3 /* BaseNotificationPreference.swift */,
				1FB8EFC41F1D3C300090045E /* UserNotificationPreference.swift */,
			);
			name = NotificationPreferences;
			sourceTree = "<group>";
		};
		669C3AFDA7F4F79423497066 /* Pods */ = {
			isa = PBXGroup;
			children = (
				6CE014E503EC25888FF44136 /* Pods-RestomaniaAppKuzina.debug.xcconfig */,
				32F39B49DB18610917E47C53 /* Pods-RestomaniaAppKuzina.release.xcconfig */,
			);
			name = Pods;
			sourceTree = "<group>";
		};
/* End PBXGroup section */

/* Begin PBXNativeTarget section */
		1FC5A69B1F138A8600ABE1A6 /* RestomaniaAppKuzina */ = {
			isa = PBXNativeTarget;
			buildConfigurationList = 1FC5A6C41F138A8600ABE1A6 /* Build configuration list for PBXNativeTarget "RestomaniaAppKuzina" */;
			buildPhases = (
				1F33A50C1F1D1BEF00BF469B /* Swiftlint */,
				2B6D488FC3D8A5255D366BF2 /* [CP] Check Pods Manifest.lock */,
				1FC5A6981F138A8600ABE1A6 /* Sources */,
				1FC5A6991F138A8600ABE1A6 /* Frameworks */,
				1FC5A69A1F138A8600ABE1A6 /* Resources */,
				7F2163BC24BC15F7503AE3C8 /* [CP] Embed Pods Frameworks */,
				A3A8C19DFFEA0485696358E6 /* [CP] Copy Pods Resources */,
			);
			buildRules = (
			);
			dependencies = (
			);
			name = RestomaniaAppKuzina;
			productName = Restomania.App.Kuzina;
			productReference = 1FC5A69C1F138A8600ABE1A6 /* RestomaniaAppKuzina.app */;
			productType = "com.apple.product-type.application";
		};
		1FC5A6AF1F138A8600ABE1A6 /* RestomaniaAppKuzina-Tests */ = {
			isa = PBXNativeTarget;
			buildConfigurationList = 1FC5A6C71F138A8600ABE1A6 /* Build configuration list for PBXNativeTarget "RestomaniaAppKuzina-Tests" */;
			buildPhases = (
				1F33A50F1F1D1D8900BF469B /* Swiftlint */,
				1FC5A6AC1F138A8600ABE1A6 /* Sources */,
				1FC5A6AD1F138A8600ABE1A6 /* Frameworks */,
				1FC5A6AE1F138A8600ABE1A6 /* Resources */,
			);
			buildRules = (
			);
			dependencies = (
				1FC5A6B21F138A8600ABE1A6 /* PBXTargetDependency */,
			);
			name = "RestomaniaAppKuzina-Tests";
			productName = Restomania.App.KuzinaTests;
			productReference = 1FC5A6B01F138A8600ABE1A6 /* RestomaniaAppKuzina-Tests.xctest */;
			productType = "com.apple.product-type.bundle.unit-test";
		};
		1FC5A6BA1F138A8600ABE1A6 /* RestomaniaAppKuzina-UITests */ = {
			isa = PBXNativeTarget;
			buildConfigurationList = 1FC5A6CA1F138A8600ABE1A6 /* Build configuration list for PBXNativeTarget "RestomaniaAppKuzina-UITests" */;
			buildPhases = (
				1F33A5101F1D1DA200BF469B /* Swiftlint */,
				1FC5A6B71F138A8600ABE1A6 /* Sources */,
				1FC5A6B81F138A8600ABE1A6 /* Frameworks */,
				1FC5A6B91F138A8600ABE1A6 /* Resources */,
			);
			buildRules = (
			);
			dependencies = (
				1FC5A6BD1F138A8600ABE1A6 /* PBXTargetDependency */,
			);
			name = "RestomaniaAppKuzina-UITests";
			productName = Restomania.App.KuzinaUITests;
			productReference = 1FC5A6BB1F138A8600ABE1A6 /* RestomaniaAppKuzina-UITests.xctest */;
			productType = "com.apple.product-type.bundle.ui-testing";
		};
/* End PBXNativeTarget section */

/* Begin PBXProject section */
		1FC5A6941F138A8600ABE1A6 /* Project object */ = {
			isa = PBXProject;
			attributes = {
				LastSwiftUpdateCheck = 0830;
				LastUpgradeCheck = 0830;
				ORGANIZATIONNAME = "Medved-Studio";
				TargetAttributes = {
					1FC5A69B1F138A8600ABE1A6 = {
						CreatedOnToolsVersion = 8.3.3;
						DevelopmentTeam = 686FXGC24W;
						ProvisioningStyle = Automatic;
					};
					1FC5A6AF1F138A8600ABE1A6 = {
						CreatedOnToolsVersion = 8.3.3;
						DevelopmentTeam = 686FXGC24W;
						ProvisioningStyle = Automatic;
						TestTargetID = 1FC5A69B1F138A8600ABE1A6;
					};
					1FC5A6BA1F138A8600ABE1A6 = {
						CreatedOnToolsVersion = 8.3.3;
						DevelopmentTeam = 686FXGC24W;
						ProvisioningStyle = Automatic;
						TestTargetID = 1FC5A69B1F138A8600ABE1A6;
					};
				};
			};
			buildConfigurationList = 1FC5A6971F138A8600ABE1A6 /* Build configuration list for PBXProject "Restomania.App.Kuzina" */;
			compatibilityVersion = "Xcode 3.2";
			developmentRegion = English;
			hasScannedForEncodings = 0;
			knownRegions = (
				en,
				Base,
			);
			mainGroup = 1FC5A6931F138A8600ABE1A6;
			productRefGroup = 1FC5A69D1F138A8600ABE1A6 /* Products */;
			projectDirPath = "";
			projectRoot = "";
			targets = (
				1FC5A69B1F138A8600ABE1A6 /* RestomaniaAppKuzina */,
				1FC5A6AF1F138A8600ABE1A6 /* RestomaniaAppKuzina-Tests */,
				1FC5A6BA1F138A8600ABE1A6 /* RestomaniaAppKuzina-UITests */,
			);
		};
/* End PBXProject section */

/* Begin PBXResourcesBuildPhase section */
		1FC5A69A1F138A8600ABE1A6 /* Resources */ = {
			isa = PBXResourcesBuildPhase;
			buildActionMask = 2147483647;
			files = (
				1FC5A6AA1F138A8600ABE1A6 /* LaunchScreen.storyboard in Resources */,
				1FC5A6A71F138A8600ABE1A6 /* Assets.xcassets in Resources */,
				1FC5A6A51F138A8600ABE1A6 /* Main.storyboard in Resources */,
			);
			runOnlyForDeploymentPostprocessing = 0;
		};
		1FC5A6AE1F138A8600ABE1A6 /* Resources */ = {
			isa = PBXResourcesBuildPhase;
			buildActionMask = 2147483647;
			files = (
			);
			runOnlyForDeploymentPostprocessing = 0;
		};
		1FC5A6B91F138A8600ABE1A6 /* Resources */ = {
			isa = PBXResourcesBuildPhase;
			buildActionMask = 2147483647;
			files = (
			);
			runOnlyForDeploymentPostprocessing = 0;
		};
/* End PBXResourcesBuildPhase section */

/* Begin PBXShellScriptBuildPhase section */
		1F33A50C1F1D1BEF00BF469B /* Swiftlint */ = {
			isa = PBXShellScriptBuildPhase;
			buildActionMask = 2147483647;
			files = (
			);
			inputPaths = (
			);
			name = Swiftlint;
			outputPaths = (
			);
			runOnlyForDeploymentPostprocessing = 0;
			shellPath = /bin/sh;
			shellScript = "if which swiftlint >/dev/null; then\n    swiftlint autocorrect\n    echo \"Complete format swift code\"\nelse\n    echo \"warning: SwiftLint not installed, download from https://github.com/realm/SwiftLint\"\nfi";
		};
		1F33A50F1F1D1D8900BF469B /* Swiftlint */ = {
			isa = PBXShellScriptBuildPhase;
			buildActionMask = 2147483647;
			files = (
			);
			inputPaths = (
			);
			name = Swiftlint;
			outputPaths = (
			);
			runOnlyForDeploymentPostprocessing = 0;
			shellPath = /bin/sh;
			shellScript = "if which swiftlint >/dev/null; then\n    swiftlint autocorrect\n    echo \"Complete format swift code\"\nelse\n    echo \"warning: SwiftLint not installed, download from https://github.com/realm/SwiftLint\"\nfi";
		};
		1F33A5101F1D1DA200BF469B /* Swiftlint */ = {
			isa = PBXShellScriptBuildPhase;
			buildActionMask = 2147483647;
			files = (
			);
			inputPaths = (
			);
			name = Swiftlint;
			outputPaths = (
			);
			runOnlyForDeploymentPostprocessing = 0;
			shellPath = /bin/sh;
			shellScript = "if which swiftlint >/dev/null; then\n    swiftlint autocorrect\n    echo \"Complete format swift code\"\nelse\n    echo \"warning: SwiftLint not installed, download from https://github.com/realm/SwiftLint\"\nfi";
		};
		2B6D488FC3D8A5255D366BF2 /* [CP] Check Pods Manifest.lock */ = {
			isa = PBXShellScriptBuildPhase;
			buildActionMask = 2147483647;
			files = (
			);
			inputPaths = (
			);
			name = "[CP] Check Pods Manifest.lock";
			outputPaths = (
			);
			runOnlyForDeploymentPostprocessing = 0;
			shellPath = /bin/sh;
			shellScript = "diff \"${PODS_PODFILE_DIR_PATH}/Podfile.lock\" \"${PODS_ROOT}/Manifest.lock\" > /dev/null\nif [ $? != 0 ] ; then\n    # print error to STDERR\n    echo \"error: The sandbox is not in sync with the Podfile.lock. Run 'pod install' or update your CocoaPods installation.\" >&2\n    exit 1\nfi\n";
			showEnvVarsInLog = 0;
		};
		7F2163BC24BC15F7503AE3C8 /* [CP] Embed Pods Frameworks */ = {
			isa = PBXShellScriptBuildPhase;
			buildActionMask = 2147483647;
			files = (
			);
			inputPaths = (
			);
			name = "[CP] Embed Pods Frameworks";
			outputPaths = (
			);
			runOnlyForDeploymentPostprocessing = 0;
			shellPath = /bin/sh;
			shellScript = "\"${SRCROOT}/../Pods/Target Support Files/Pods-RestomaniaAppKuzina/Pods-RestomaniaAppKuzina-frameworks.sh\"\n";
			showEnvVarsInLog = 0;
		};
		A3A8C19DFFEA0485696358E6 /* [CP] Copy Pods Resources */ = {
			isa = PBXShellScriptBuildPhase;
			buildActionMask = 2147483647;
			files = (
			);
			inputPaths = (
			);
			name = "[CP] Copy Pods Resources";
			outputPaths = (
			);
			runOnlyForDeploymentPostprocessing = 0;
			shellPath = /bin/sh;
			shellScript = "\"${SRCROOT}/../Pods/Target Support Files/Pods-RestomaniaAppKuzina/Pods-RestomaniaAppKuzina-resources.sh\"\n";
			showEnvVarsInLog = 0;
		};
/* End PBXShellScriptBuildPhase section */

/* Begin PBXSourcesBuildPhase section */
		1FC5A6981F138A8600ABE1A6 /* Sources */ = {
			isa = PBXSourcesBuildPhase;
			buildActionMask = 2147483647;
			files = (
				1FD7E6971F1D0E140023C033 /* BaseApiService.swift in Sources */,
				1FB8F02C1F1E610B0090045E /* AddingCard.swift in Sources */,
				1FB8F04D1F1EC28C0090045E /* UserCardsApiService.swift in Sources */,
				1FB8F04F1F1EC28C0090045E /* UserReviewsApiService.swift in Sources */,
				1FD7E6981F1D0E140023C033 /* SystemStatusApiService.swift in Sources */,
				1FD7E6991F1D0E140023C033 /* SystemVersionsApiService.swift in Sources */,
				1FB8F0311F1E61E70090045E /* TransactionType.swift in Sources */,
				1FB8F0351F1E628F0090045E /* TransactionSummary.swift in Sources */,
				1FB8EFDA1F1D47F80090045E /* DayOfWeek.swift in Sources */,
				1FD7E69A1F1D0E140023C033 /* SystemSettingsApiService.swift in Sources */,
				1FB8EFDE1F1D48CD0090045E /* Schedule.swift in Sources */,
				1FB8F03C1F1EADB90090045E /* PaymentCard.swift in Sources */,
				1FB8F0001F1DF2930090045E /* LoyaltyAccount.swift in Sources */,
				1FB8F0081F1DF68E0090045E /* Step.swift in Sources */,
				1FD7E69B1F1D0E140023C033 /* SystemReportsApiService.swift in Sources */,
				1FB8EFE81F1D4BF90090045E /* DishCategory.swift in Sources */,
				1FB8F0101F1E03470090045E /* OpenAccountsApiService.swift in Sources */,
				1FD7E69C1F1D0E140023C033 /* AccessKeys.swift in Sources */,
				1FB8EFF01F1D4F7C0090045E /* PlaceType.swift in Sources */,
				1FB8F0331F1E621D0090045E /* TransactionStatus.swift in Sources */,
				1FB8F0641F1ECE990090045E /* DishOrderType.swift in Sources */,
				1FB8F0551F1EC5200090045E /* UserBookingsApiService.swift in Sources */,
				1FD7E69D1F1D0E140023C033 /* AccessRights.swift in Sources */,
				1FB8EFEC1F1D4EEC0090045E /* KitchenType.swift in Sources */,
				1FB8F0501F1EC28C0090045E /* UserUpdateAccountApiService.swift in Sources */,
				1FB8F0241F1E5C2D0090045E /* NotificationPlatformType.swift in Sources */,
				1FB8EFF21F1D4FC20090045E /* Properties.swift in Sources */,
				1FB8F0141F1E12AE0090045E /* OpenReviewsApiService.swift in Sources */,
				1FB8F0061F1DF64E0090045E /* Bonuses.swift in Sources */,
				1FB8EFDC1F1D48290090045E /* Day.swift in Sources */,
				1FB8EFE41F1D4A970090045E /* Contacts.swift in Sources */,
				1FD7E69E1F1D0E140023C033 /* Account.swift in Sources */,
				1FB8EFC51F1D3C300090045E /* UserNotificationPreference.swift in Sources */,
				1FB8EFF61F1D516F0090045E /* Place.swift in Sources */,
				1FB8EFD51F1D430D0090045E /* Review.swift in Sources */,
				1FB8EFFB1F1DE9330090045E /* BaseLoyaltySystem.swift in Sources */,
				1FD7E69F1F1D0E140023C033 /* MethodConnection.swift in Sources */,
				1FB8F06E1F1EE04D0090045E /* AddingBooking.swift in Sources */,
				1FB8F0281F1E5D510090045E /* OpenDevicesApiService.swift in Sources */,
				1FB8F06A1F1ECF980090045E /* DishOrder.swift in Sources */,
				1FD7E6A01F1D0E140023C033 /* BaseNotificationPreference.swift in Sources */,
				1FB8EFE61F1D4BDF0090045E /* Dish.swift in Sources */,
				1FB8F0601F1ECD140090045E /* BookingStatus.swift in Sources */,
				1FB8EFE21F1D49E20090045E /* Link.swift in Sources */,
				1FB8F0401F1EADFB0090045E /* PaymentCardType.swift in Sources */,
				1FB8F0021F1DF3BC0090045E /* CountedLoyaltySystem.swift in Sources */,
				1FB8EFCB1F1D41050090045E /* UserParts.swift in Sources */,
				1FB8F0661F1ECEC00090045E /* OrderedDish.swift in Sources */,
				1FD7E6A11F1D0E140023C033 /* ReportType.swift in Sources */,
				1FD7E6A21F1D0E140023C033 /* BaseBugReport.swift in Sources */,
				1FD7E6A31F1D0E140023C033 /* RemoteBugReport.swift in Sources */,
				1FB8F01D1F1E31C40090045E /* BaseAuthApiService.swift in Sources */,
				1FD7E6A41F1D0E140023C033 /* BankClientType.swift in Sources */,
				1FB8F00A1F1DF7090090045E /* FixedDiscount.swift in Sources */,
				1FB8F05E1F1ECD020090045E /* Booking.swift in Sources */,
				1FD7E6A51F1D0E140023C033 /* CurrencyType.swift in Sources */,
				1FB8F0621F1ECE5F0090045E /* DishOrderStatus.swift in Sources */,
				1FD7E6A61F1D0E140023C033 /* Platform.swift in Sources */,
				1FB8F0041F1DF47B0090045E /* CountedLoyaltyDiscounts.swift in Sources */,
				1FB8EFCF1F1D41590090045E /* UserSex.swift in Sources */,
				1FB8EFEA1F1D4C0C0090045E /* Menu.swift in Sources */,
				1FB8EFF91F1DE8F10090045E /* LoyaltyType.swift in Sources */,
				1FB8F0531F1EC45D0090045E /* UserOrdersApiService.swift in Sources */,
				1FB8EFD11F1D429D0090045E /* Rate.swift in Sources */,
				1FB8F01B1F1E190F0090045E /* IKeysStorage.swift in Sources */,
				1FB8F00C1F1DF7500090045E /* RegularCustomerDiscount.swift in Sources */,
				1FB8F05A1F1EC5C90090045E /* OrderSummary.swift in Sources */,
				1FD7E6A71F1D0E140023C033 /* Version.swift in Sources */,
				1FB8EFE01F1D49AF0090045E /* LinkType.swift in Sources */,
				1FB8EFF41F1D50960090045E /* Location.swift in Sources */,
				1FB8F0511F1EC28C0090045E /* UserUpdateNotificationsApiService.swift in Sources */,
				1FB8EFD31F1D42DF0090045E /* ReviewStatus.swift in Sources */,
				1FD7E6A81F1D0E140023C033 /* BaseDataType.swift in Sources */,
				1FB8F05C1F1ECBFD0090045E /* BaseOrder.swift in Sources */,
				1FB8F04C1F1EC28C0090045E /* UserAccountApiService.swift in Sources */,
				1FB8F00E1F1DFABF0090045E /* Loyalty.swift in Sources */,
				1FB8F04E1F1EC28C0090045E /* UserLoyaltyApiService.swift in Sources */,
				1FB8F0261F1E5C5E0090045E /* Device.swift in Sources */,
				1FB8EFCD1F1D41420090045E /* User.swift in Sources */,
				1FB8EFEE1F1D4F480090045E /* RegistrationStatus.swift in Sources */,
				1FD7E6A91F1D0E140023C033 /* AppSettings.swift in Sources */,
				1FC5A6A21F138A8600ABE1A6 /* ViewController.swift in Sources */,
				1FC5A6A01F138A8600ABE1A6 /* AppDelegate.swift in Sources */,
				1FB8F0121F1E0B520090045E /* OpenPlacesApiService.swift in Sources */,
				1FB8F03F1F1EADFB0090045E /* PaymentCardStatus.swift in Sources */,
				1FB8F0171F1E14B30090045E /* GetArgs.swift in Sources */,
				1FB8F06C1F1EDCDB0090045E /* AddingOrder.swift in Sources */,
			);
			runOnlyForDeploymentPostprocessing = 0;
		};
		1FC5A6AC1F138A8600ABE1A6 /* Sources */ = {
			isa = PBXSourcesBuildPhase;
			buildActionMask = 2147483647;
			files = (
				1FC5A6B51F138A8600ABE1A6 /* Restomania_App_KuzinaTests.swift in Sources */,
			);
			runOnlyForDeploymentPostprocessing = 0;
		};
		1FC5A6B71F138A8600ABE1A6 /* Sources */ = {
			isa = PBXSourcesBuildPhase;
			buildActionMask = 2147483647;
			files = (
				1FC5A6C01F138A8600ABE1A6 /* Restomania_App_KuzinaUITests.swift in Sources */,
			);
			runOnlyForDeploymentPostprocessing = 0;
		};
/* End PBXSourcesBuildPhase section */

/* Begin PBXTargetDependency section */
		1FC5A6B21F138A8600ABE1A6 /* PBXTargetDependency */ = {
			isa = PBXTargetDependency;
			target = 1FC5A69B1F138A8600ABE1A6 /* RestomaniaAppKuzina */;
			targetProxy = 1FC5A6B11F138A8600ABE1A6 /* PBXContainerItemProxy */;
		};
		1FC5A6BD1F138A8600ABE1A6 /* PBXTargetDependency */ = {
			isa = PBXTargetDependency;
			target = 1FC5A69B1F138A8600ABE1A6 /* RestomaniaAppKuzina */;
			targetProxy = 1FC5A6BC1F138A8600ABE1A6 /* PBXContainerItemProxy */;
		};
/* End PBXTargetDependency section */

/* Begin PBXVariantGroup section */
		1FC5A6A31F138A8600ABE1A6 /* Main.storyboard */ = {
			isa = PBXVariantGroup;
			children = (
				1FC5A6A41F138A8600ABE1A6 /* Base */,
			);
			name = Main.storyboard;
			sourceTree = "<group>";
		};
		1FC5A6A81F138A8600ABE1A6 /* LaunchScreen.storyboard */ = {
			isa = PBXVariantGroup;
			children = (
				1FC5A6A91F138A8600ABE1A6 /* Base */,
			);
			name = LaunchScreen.storyboard;
			sourceTree = "<group>";
		};
/* End PBXVariantGroup section */

/* Begin XCBuildConfiguration section */
		1FC5A6C21F138A8600ABE1A6 /* Debug */ = {
			isa = XCBuildConfiguration;
			buildSettings = {
				ALWAYS_SEARCH_USER_PATHS = NO;
				CLANG_ANALYZER_NONNULL = YES;
				CLANG_ANALYZER_NUMBER_OBJECT_CONVERSION = YES_AGGRESSIVE;
				CLANG_CXX_LANGUAGE_STANDARD = "gnu++0x";
				CLANG_CXX_LIBRARY = "libc++";
				CLANG_ENABLE_MODULES = YES;
				CLANG_ENABLE_OBJC_ARC = YES;
				CLANG_WARN_BOOL_CONVERSION = YES;
				CLANG_WARN_CONSTANT_CONVERSION = YES;
				CLANG_WARN_DIRECT_OBJC_ISA_USAGE = YES_ERROR;
				CLANG_WARN_DOCUMENTATION_COMMENTS = YES;
				CLANG_WARN_EMPTY_BODY = YES;
				CLANG_WARN_ENUM_CONVERSION = YES;
				CLANG_WARN_INFINITE_RECURSION = YES;
				CLANG_WARN_INT_CONVERSION = YES;
				CLANG_WARN_OBJC_ROOT_CLASS = YES_ERROR;
				CLANG_WARN_SUSPICIOUS_MOVE = YES;
				CLANG_WARN_UNREACHABLE_CODE = YES;
				CLANG_WARN__DUPLICATE_METHOD_MATCH = YES;
				"CODE_SIGN_IDENTITY[sdk=iphoneos*]" = "iPhone Developer";
				COPY_PHASE_STRIP = NO;
				DEBUG_INFORMATION_FORMAT = dwarf;
				ENABLE_STRICT_OBJC_MSGSEND = YES;
				ENABLE_TESTABILITY = YES;
				GCC_C_LANGUAGE_STANDARD = gnu99;
				GCC_DYNAMIC_NO_PIC = NO;
				GCC_NO_COMMON_BLOCKS = YES;
				GCC_OPTIMIZATION_LEVEL = 0;
				GCC_PREPROCESSOR_DEFINITIONS = (
					"DEBUG=1",
					"$(inherited)",
				);
				GCC_WARN_64_TO_32_BIT_CONVERSION = YES;
				GCC_WARN_ABOUT_RETURN_TYPE = YES_ERROR;
				GCC_WARN_UNDECLARED_SELECTOR = YES;
				GCC_WARN_UNINITIALIZED_AUTOS = YES_AGGRESSIVE;
				GCC_WARN_UNUSED_FUNCTION = YES;
				GCC_WARN_UNUSED_VARIABLE = YES;
				IPHONEOS_DEPLOYMENT_TARGET = 10.3;
				MTL_ENABLE_DEBUG_INFO = YES;
				ONLY_ACTIVE_ARCH = YES;
				SDKROOT = iphoneos;
				SWIFT_ACTIVE_COMPILATION_CONDITIONS = DEBUG;
				SWIFT_OPTIMIZATION_LEVEL = "-Onone";
			};
			name = Debug;
		};
		1FC5A6C31F138A8600ABE1A6 /* Release */ = {
			isa = XCBuildConfiguration;
			buildSettings = {
				ALWAYS_SEARCH_USER_PATHS = NO;
				CLANG_ANALYZER_NONNULL = YES;
				CLANG_ANALYZER_NUMBER_OBJECT_CONVERSION = YES_AGGRESSIVE;
				CLANG_CXX_LANGUAGE_STANDARD = "gnu++0x";
				CLANG_CXX_LIBRARY = "libc++";
				CLANG_ENABLE_MODULES = YES;
				CLANG_ENABLE_OBJC_ARC = YES;
				CLANG_WARN_BOOL_CONVERSION = YES;
				CLANG_WARN_CONSTANT_CONVERSION = YES;
				CLANG_WARN_DIRECT_OBJC_ISA_USAGE = YES_ERROR;
				CLANG_WARN_DOCUMENTATION_COMMENTS = YES;
				CLANG_WARN_EMPTY_BODY = YES;
				CLANG_WARN_ENUM_CONVERSION = YES;
				CLANG_WARN_INFINITE_RECURSION = YES;
				CLANG_WARN_INT_CONVERSION = YES;
				CLANG_WARN_OBJC_ROOT_CLASS = YES_ERROR;
				CLANG_WARN_SUSPICIOUS_MOVE = YES;
				CLANG_WARN_UNREACHABLE_CODE = YES;
				CLANG_WARN__DUPLICATE_METHOD_MATCH = YES;
				"CODE_SIGN_IDENTITY[sdk=iphoneos*]" = "iPhone Developer";
				COPY_PHASE_STRIP = NO;
				DEBUG_INFORMATION_FORMAT = "dwarf-with-dsym";
				ENABLE_NS_ASSERTIONS = NO;
				ENABLE_STRICT_OBJC_MSGSEND = YES;
				GCC_C_LANGUAGE_STANDARD = gnu99;
				GCC_NO_COMMON_BLOCKS = YES;
				GCC_WARN_64_TO_32_BIT_CONVERSION = YES;
				GCC_WARN_ABOUT_RETURN_TYPE = YES_ERROR;
				GCC_WARN_UNDECLARED_SELECTOR = YES;
				GCC_WARN_UNINITIALIZED_AUTOS = YES_AGGRESSIVE;
				GCC_WARN_UNUSED_FUNCTION = YES;
				GCC_WARN_UNUSED_VARIABLE = YES;
				IPHONEOS_DEPLOYMENT_TARGET = 10.3;
				MTL_ENABLE_DEBUG_INFO = NO;
				SDKROOT = iphoneos;
				SWIFT_OPTIMIZATION_LEVEL = "-Owholemodule";
				VALIDATE_PRODUCT = YES;
			};
			name = Release;
		};
		1FC5A6C51F138A8600ABE1A6 /* Debug */ = {
			isa = XCBuildConfiguration;
			baseConfigurationReference = 6CE014E503EC25888FF44136 /* Pods-RestomaniaAppKuzina.debug.xcconfig */;
			buildSettings = {
				ASSETCATALOG_COMPILER_APPICON_NAME = AppIcon;
				ASSETCATALOG_COMPILER_LAUNCHIMAGE_NAME = "LaunchImage-2";
				DEVELOPMENT_TEAM = 686FXGC24W;
				INFOPLIST_FILE = Restomania.App.Kuzina/Info.plist;
				IPHONEOS_DEPLOYMENT_TARGET = 9.1;
				LD_RUNPATH_SEARCH_PATHS = "$(inherited) @executable_path/Frameworks";
				OTHER_LDFLAGS = "$(inherited)";
				PRODUCT_BUNDLE_IDENTIFIER = "MDS.Restomania-App-Kuzina";
				PRODUCT_NAME = "$(TARGET_NAME)";
				SWIFT_VERSION = 3.0;
			};
			name = Debug;
		};
		1FC5A6C61F138A8600ABE1A6 /* Release */ = {
			isa = XCBuildConfiguration;
			baseConfigurationReference = 32F39B49DB18610917E47C53 /* Pods-RestomaniaAppKuzina.release.xcconfig */;
			buildSettings = {
				ASSETCATALOG_COMPILER_APPICON_NAME = AppIcon;
				ASSETCATALOG_COMPILER_LAUNCHIMAGE_NAME = "LaunchImage-2";
				DEVELOPMENT_TEAM = 686FXGC24W;
				INFOPLIST_FILE = Restomania.App.Kuzina/Info.plist;
				IPHONEOS_DEPLOYMENT_TARGET = 9.1;
				LD_RUNPATH_SEARCH_PATHS = "$(inherited) @executable_path/Frameworks";
				OTHER_LDFLAGS = "$(inherited)";
				PRODUCT_BUNDLE_IDENTIFIER = "MDS.Restomania-App-Kuzina";
				PRODUCT_NAME = "$(TARGET_NAME)";
				SWIFT_VERSION = 3.0;
			};
			name = Release;
		};
		1FC5A6C81F138A8600ABE1A6 /* Debug */ = {
			isa = XCBuildConfiguration;
			buildSettings = {
				ALWAYS_EMBED_SWIFT_STANDARD_LIBRARIES = YES;
				BUNDLE_LOADER = "$(TEST_HOST)";
				DEVELOPMENT_TEAM = 686FXGC24W;
				INFOPLIST_FILE = Restomania.App.KuzinaTests/Info.plist;
				LD_RUNPATH_SEARCH_PATHS = "$(inherited) @executable_path/Frameworks @loader_path/Frameworks";
				PRODUCT_BUNDLE_IDENTIFIER = "MDS.Restomania-App-KuzinaTests";
				PRODUCT_NAME = "$(TARGET_NAME)";
				SWIFT_VERSION = 3.0;
				TEST_HOST = "$(BUILT_PRODUCTS_DIR)/RestomaniaAppKuzina.app/RestomaniaAppKuzina";
			};
			name = Debug;
		};
		1FC5A6C91F138A8600ABE1A6 /* Release */ = {
			isa = XCBuildConfiguration;
			buildSettings = {
				ALWAYS_EMBED_SWIFT_STANDARD_LIBRARIES = YES;
				BUNDLE_LOADER = "$(TEST_HOST)";
				DEVELOPMENT_TEAM = 686FXGC24W;
				INFOPLIST_FILE = Restomania.App.KuzinaTests/Info.plist;
				LD_RUNPATH_SEARCH_PATHS = "$(inherited) @executable_path/Frameworks @loader_path/Frameworks";
				PRODUCT_BUNDLE_IDENTIFIER = "MDS.Restomania-App-KuzinaTests";
				PRODUCT_NAME = "$(TARGET_NAME)";
				SWIFT_VERSION = 3.0;
				TEST_HOST = "$(BUILT_PRODUCTS_DIR)/RestomaniaAppKuzina.app/RestomaniaAppKuzina";
			};
			name = Release;
		};
		1FC5A6CB1F138A8600ABE1A6 /* Debug */ = {
			isa = XCBuildConfiguration;
			buildSettings = {
				ALWAYS_EMBED_SWIFT_STANDARD_LIBRARIES = YES;
				DEVELOPMENT_TEAM = 686FXGC24W;
				INFOPLIST_FILE = Restomania.App.KuzinaUITests/Info.plist;
				LD_RUNPATH_SEARCH_PATHS = "$(inherited) @executable_path/Frameworks @loader_path/Frameworks";
				PRODUCT_BUNDLE_IDENTIFIER = "MDS.Restomania-App-KuzinaUITests";
				PRODUCT_NAME = "$(TARGET_NAME)";
				SWIFT_VERSION = 3.0;
				TEST_TARGET_NAME = Restomania.App.Kuzina;
			};
			name = Debug;
		};
		1FC5A6CC1F138A8600ABE1A6 /* Release */ = {
			isa = XCBuildConfiguration;
			buildSettings = {
				ALWAYS_EMBED_SWIFT_STANDARD_LIBRARIES = YES;
				DEVELOPMENT_TEAM = 686FXGC24W;
				INFOPLIST_FILE = Restomania.App.KuzinaUITests/Info.plist;
				LD_RUNPATH_SEARCH_PATHS = "$(inherited) @executable_path/Frameworks @loader_path/Frameworks";
				PRODUCT_BUNDLE_IDENTIFIER = "MDS.Restomania-App-KuzinaUITests";
				PRODUCT_NAME = "$(TARGET_NAME)";
				SWIFT_VERSION = 3.0;
				TEST_TARGET_NAME = Restomania.App.Kuzina;
			};
			name = Release;
		};
/* End XCBuildConfiguration section */

/* Begin XCConfigurationList section */
		1FC5A6971F138A8600ABE1A6 /* Build configuration list for PBXProject "Restomania.App.Kuzina" */ = {
			isa = XCConfigurationList;
			buildConfigurations = (
				1FC5A6C21F138A8600ABE1A6 /* Debug */,
				1FC5A6C31F138A8600ABE1A6 /* Release */,
			);
			defaultConfigurationIsVisible = 0;
			defaultConfigurationName = Release;
		};
		1FC5A6C41F138A8600ABE1A6 /* Build configuration list for PBXNativeTarget "RestomaniaAppKuzina" */ = {
			isa = XCConfigurationList;
			buildConfigurations = (
				1FC5A6C51F138A8600ABE1A6 /* Debug */,
				1FC5A6C61F138A8600ABE1A6 /* Release */,
			);
			defaultConfigurationIsVisible = 0;
			defaultConfigurationName = Release;
		};
		1FC5A6C71F138A8600ABE1A6 /* Build configuration list for PBXNativeTarget "RestomaniaAppKuzina-Tests" */ = {
			isa = XCConfigurationList;
			buildConfigurations = (
				1FC5A6C81F138A8600ABE1A6 /* Debug */,
				1FC5A6C91F138A8600ABE1A6 /* Release */,
			);
			defaultConfigurationIsVisible = 0;
			defaultConfigurationName = Release;
		};
		1FC5A6CA1F138A8600ABE1A6 /* Build configuration list for PBXNativeTarget "RestomaniaAppKuzina-UITests" */ = {
			isa = XCConfigurationList;
			buildConfigurations = (
				1FC5A6CB1F138A8600ABE1A6 /* Debug */,
				1FC5A6CC1F138A8600ABE1A6 /* Release */,
			);
			defaultConfigurationIsVisible = 0;
			defaultConfigurationName = Release;
		};
/* End XCConfigurationList section */
	};
	rootObject = 1FC5A6941F138A8600ABE1A6 /* Project object */;
}
